// !$*UTF8*$!
{
	archiveVersion = 1;
	classes = {
	};
	objectVersion = 56;
	objects = {

/* Begin PBXBuildFile section */
		127E831E2B4C8DD900E6D4E8 /* QuartersApp.swift in Sources */ = {isa = PBXBuildFile; fileRef = 127E831D2B4C8DD900E6D4E8 /* QuartersApp.swift */; };
		127E83202B4C8DD900E6D4E8 /* ContentView.swift in Sources */ = {isa = PBXBuildFile; fileRef = 127E831F2B4C8DD900E6D4E8 /* ContentView.swift */; };
		127E83222B4C8DDA00E6D4E8 /* Assets.xcassets in Resources */ = {isa = PBXBuildFile; fileRef = 127E83212B4C8DDA00E6D4E8 /* Assets.xcassets */; };
		127E83262B4C8DDA00E6D4E8 /* Preview Assets.xcassets in Resources */ = {isa = PBXBuildFile; fileRef = 127E83252B4C8DDA00E6D4E8 /* Preview Assets.xcassets */; };
		127E83302B4C8DDA00E6D4E8 /* QuartersTests.swift in Sources */ = {isa = PBXBuildFile; fileRef = 127E832F2B4C8DDA00E6D4E8 /* QuartersTests.swift */; };
		127E833A2B4C8DDA00E6D4E8 /* QuartersUITests.swift in Sources */ = {isa = PBXBuildFile; fileRef = 127E83392B4C8DDA00E6D4E8 /* QuartersUITests.swift */; };
		127E833C2B4C8DDA00E6D4E8 /* QuartersUITestsLaunchTests.swift in Sources */ = {isa = PBXBuildFile; fileRef = 127E833B2B4C8DDA00E6D4E8 /* QuartersUITestsLaunchTests.swift */; };
		127E834D2B4C8ECF00E6D4E8 /* Tab.swift in Sources */ = {isa = PBXBuildFile; fileRef = 127E834C2B4C8ECF00E6D4E8 /* Tab.swift */; };
		127E834F2B4C8EED00E6D4E8 /* Category.swift in Sources */ = {isa = PBXBuildFile; fileRef = 127E834E2B4C8EED00E6D4E8 /* Category.swift */; };
		127E83512B4C8F1000E6D4E8 /* Transaction.swift in Sources */ = {isa = PBXBuildFile; fileRef = 127E83502B4C8F1000E6D4E8 /* Transaction.swift */; };
		127E83532B4C8F3600E6D4E8 /* TintColor.swift in Sources */ = {isa = PBXBuildFile; fileRef = 127E83522B4C8F3600E6D4E8 /* TintColor.swift */; };
		127E83552B4C900F00E6D4E8 /* Recents.swift in Sources */ = {isa = PBXBuildFile; fileRef = 127E83542B4C900F00E6D4E8 /* Recents.swift */; };
		127E83572B4C902B00E6D4E8 /* Search.swift in Sources */ = {isa = PBXBuildFile; fileRef = 127E83562B4C902B00E6D4E8 /* Search.swift */; };
		127E83592B4C904500E6D4E8 /* Graph.swift in Sources */ = {isa = PBXBuildFile; fileRef = 127E83582B4C904500E6D4E8 /* Graph.swift */; };
		127E835B2B4C906600E6D4E8 /* Settings.swift in Sources */ = {isa = PBXBuildFile; fileRef = 127E835A2B4C906600E6D4E8 /* Settings.swift */; };
		127E835D2B4C909200E6D4E8 /* IntroScreen.swift in Sources */ = {isa = PBXBuildFile; fileRef = 127E835C2B4C909200E6D4E8 /* IntroScreen.swift */; };
		127E835F2B4C90B700E6D4E8 /* TransactionView.swift in Sources */ = {isa = PBXBuildFile; fileRef = 127E835E2B4C90B700E6D4E8 /* TransactionView.swift */; };
		127E83612B4C912B00E6D4E8 /* LockView.swift in Sources */ = {isa = PBXBuildFile; fileRef = 127E83602B4C912B00E6D4E8 /* LockView.swift */; };
		127E83632B4C914E00E6D4E8 /* SwipeView.swift in Sources */ = {isa = PBXBuildFile; fileRef = 127E83622B4C914E00E6D4E8 /* SwipeView.swift */; };
		127E83652B4C916B00E6D4E8 /* CardView.swift in Sources */ = {isa = PBXBuildFile; fileRef = 127E83642B4C916B00E6D4E8 /* CardView.swift */; };
		127E83672B4C919200E6D4E8 /* TransactionCardView.swift in Sources */ = {isa = PBXBuildFile; fileRef = 127E83662B4C919200E6D4E8 /* TransactionCardView.swift */; };
		127E83692B4C91B700E6D4E8 /* DateFilterView.swift in Sources */ = {isa = PBXBuildFile; fileRef = 127E83682B4C91B700E6D4E8 /* DateFilterView.swift */; };
		127E836B2B4C91DA00E6D4E8 /* FilterTransactionsView.swift in Sources */ = {isa = PBXBuildFile; fileRef = 127E836A2B4C91DA00E6D4E8 /* FilterTransactionsView.swift */; };
		127E836D2B4C920F00E6D4E8 /* Constants.swift in Sources */ = {isa = PBXBuildFile; fileRef = 127E836C2B4C920F00E6D4E8 /* Constants.swift */; };
		127E836F2B4C923300E6D4E8 /* View+Extensions.swift in Sources */ = {isa = PBXBuildFile; fileRef = 127E836E2B4C923300E6D4E8 /* View+Extensions.swift */; };
		127E83712B4C925400E6D4E8 /* Date+Extensions.swift in Sources */ = {isa = PBXBuildFile; fileRef = 127E83702B4C925400E6D4E8 /* Date+Extensions.swift */; };
		127E83732B4F569600E6D4E8 /* NewExpenseView.swift in Sources */ = {isa = PBXBuildFile; fileRef = 127E83722B4F569600E6D4E8 /* NewExpenseView.swift */; };
/* End PBXBuildFile section */

/* Begin PBXContainerItemProxy section */
		127E832C2B4C8DDA00E6D4E8 /* PBXContainerItemProxy */ = {
			isa = PBXContainerItemProxy;
			containerPortal = 127E83122B4C8DD900E6D4E8 /* Project object */;
			proxyType = 1;
			remoteGlobalIDString = 127E83192B4C8DD900E6D4E8;
			remoteInfo = Quarters;
		};
		127E83362B4C8DDA00E6D4E8 /* PBXContainerItemProxy */ = {
			isa = PBXContainerItemProxy;
			containerPortal = 127E83122B4C8DD900E6D4E8 /* Project object */;
			proxyType = 1;
			remoteGlobalIDString = 127E83192B4C8DD900E6D4E8;
			remoteInfo = Quarters;
		};
/* End PBXContainerItemProxy section */

/* Begin PBXFileReference section */
		127E831A2B4C8DD900E6D4E8 /* Quarters.app */ = {isa = PBXFileReference; explicitFileType = wrapper.application; includeInIndex = 0; path = Quarters.app; sourceTree = BUILT_PRODUCTS_DIR; };
		127E831D2B4C8DD900E6D4E8 /* QuartersApp.swift */ = {isa = PBXFileReference; lastKnownFileType = sourcecode.swift; path = QuartersApp.swift; sourceTree = "<group>"; };
		127E831F2B4C8DD900E6D4E8 /* ContentView.swift */ = {isa = PBXFileReference; lastKnownFileType = sourcecode.swift; path = ContentView.swift; sourceTree = "<group>"; };
		127E83212B4C8DDA00E6D4E8 /* Assets.xcassets */ = {isa = PBXFileReference; lastKnownFileType = folder.assetcatalog; path = Assets.xcassets; sourceTree = "<group>"; };
		127E83232B4C8DDA00E6D4E8 /* Quarters.entitlements */ = {isa = PBXFileReference; lastKnownFileType = text.plist.entitlements; path = Quarters.entitlements; sourceTree = "<group>"; };
		127E83252B4C8DDA00E6D4E8 /* Preview Assets.xcassets */ = {isa = PBXFileReference; lastKnownFileType = folder.assetcatalog; path = "Preview Assets.xcassets"; sourceTree = "<group>"; };
		127E832B2B4C8DDA00E6D4E8 /* QuartersTests.xctest */ = {isa = PBXFileReference; explicitFileType = wrapper.cfbundle; includeInIndex = 0; path = QuartersTests.xctest; sourceTree = BUILT_PRODUCTS_DIR; };
		127E832F2B4C8DDA00E6D4E8 /* QuartersTests.swift */ = {isa = PBXFileReference; lastKnownFileType = sourcecode.swift; path = QuartersTests.swift; sourceTree = "<group>"; };
		127E83352B4C8DDA00E6D4E8 /* QuartersUITests.xctest */ = {isa = PBXFileReference; explicitFileType = wrapper.cfbundle; includeInIndex = 0; path = QuartersUITests.xctest; sourceTree = BUILT_PRODUCTS_DIR; };
		127E83392B4C8DDA00E6D4E8 /* QuartersUITests.swift */ = {isa = PBXFileReference; lastKnownFileType = sourcecode.swift; path = QuartersUITests.swift; sourceTree = "<group>"; };
		127E833B2B4C8DDA00E6D4E8 /* QuartersUITestsLaunchTests.swift */ = {isa = PBXFileReference; lastKnownFileType = sourcecode.swift; path = QuartersUITestsLaunchTests.swift; sourceTree = "<group>"; };
		127E834C2B4C8ECF00E6D4E8 /* Tab.swift */ = {isa = PBXFileReference; lastKnownFileType = sourcecode.swift; path = Tab.swift; sourceTree = "<group>"; };
		127E834E2B4C8EED00E6D4E8 /* Category.swift */ = {isa = PBXFileReference; lastKnownFileType = sourcecode.swift; path = Category.swift; sourceTree = "<group>"; };
		127E83502B4C8F1000E6D4E8 /* Transaction.swift */ = {isa = PBXFileReference; lastKnownFileType = sourcecode.swift; path = Transaction.swift; sourceTree = "<group>"; };
		127E83522B4C8F3600E6D4E8 /* TintColor.swift */ = {isa = PBXFileReference; lastKnownFileType = sourcecode.swift; path = TintColor.swift; sourceTree = "<group>"; };
		127E83542B4C900F00E6D4E8 /* Recents.swift */ = {isa = PBXFileReference; lastKnownFileType = sourcecode.swift; path = Recents.swift; sourceTree = "<group>"; };
		127E83562B4C902B00E6D4E8 /* Search.swift */ = {isa = PBXFileReference; lastKnownFileType = sourcecode.swift; path = Search.swift; sourceTree = "<group>"; };
		127E83582B4C904500E6D4E8 /* Graph.swift */ = {isa = PBXFileReference; lastKnownFileType = sourcecode.swift; path = Graph.swift; sourceTree = "<group>"; };
		127E835A2B4C906600E6D4E8 /* Settings.swift */ = {isa = PBXFileReference; lastKnownFileType = sourcecode.swift; path = Settings.swift; sourceTree = "<group>"; };
		127E835C2B4C909200E6D4E8 /* IntroScreen.swift */ = {isa = PBXFileReference; lastKnownFileType = sourcecode.swift; path = IntroScreen.swift; sourceTree = "<group>"; };
		127E835E2B4C90B700E6D4E8 /* TransactionView.swift */ = {isa = PBXFileReference; lastKnownFileType = sourcecode.swift; path = TransactionView.swift; sourceTree = "<group>"; };
		127E83602B4C912B00E6D4E8 /* LockView.swift */ = {isa = PBXFileReference; lastKnownFileType = sourcecode.swift; path = LockView.swift; sourceTree = "<group>"; };
		127E83622B4C914E00E6D4E8 /* SwipeView.swift */ = {isa = PBXFileReference; lastKnownFileType = sourcecode.swift; path = SwipeView.swift; sourceTree = "<group>"; };
		127E83642B4C916B00E6D4E8 /* CardView.swift */ = {isa = PBXFileReference; lastKnownFileType = sourcecode.swift; path = CardView.swift; sourceTree = "<group>"; };
		127E83662B4C919200E6D4E8 /* TransactionCardView.swift */ = {isa = PBXFileReference; lastKnownFileType = sourcecode.swift; path = TransactionCardView.swift; sourceTree = "<group>"; };
		127E83682B4C91B700E6D4E8 /* DateFilterView.swift */ = {isa = PBXFileReference; lastKnownFileType = sourcecode.swift; path = DateFilterView.swift; sourceTree = "<group>"; };
		127E836A2B4C91DA00E6D4E8 /* FilterTransactionsView.swift */ = {isa = PBXFileReference; lastKnownFileType = sourcecode.swift; path = FilterTransactionsView.swift; sourceTree = "<group>"; };
		127E836C2B4C920F00E6D4E8 /* Constants.swift */ = {isa = PBXFileReference; lastKnownFileType = sourcecode.swift; path = Constants.swift; sourceTree = "<group>"; };
		127E836E2B4C923300E6D4E8 /* View+Extensions.swift */ = {isa = PBXFileReference; lastKnownFileType = sourcecode.swift; path = "View+Extensions.swift"; sourceTree = "<group>"; };
		127E83702B4C925400E6D4E8 /* Date+Extensions.swift */ = {isa = PBXFileReference; lastKnownFileType = sourcecode.swift; path = "Date+Extensions.swift"; sourceTree = "<group>"; };
		127E83722B4F569600E6D4E8 /* NewExpenseView.swift */ = {isa = PBXFileReference; lastKnownFileType = sourcecode.swift; path = NewExpenseView.swift; sourceTree = "<group>"; };
/* End PBXFileReference section */

/* Begin PBXFrameworksBuildPhase section */
		127E83172B4C8DD900E6D4E8 /* Frameworks */ = {
			isa = PBXFrameworksBuildPhase;
			buildActionMask = 2147483647;
			files = (
			);
			runOnlyForDeploymentPostprocessing = 0;
		};
		127E83282B4C8DDA00E6D4E8 /* Frameworks */ = {
			isa = PBXFrameworksBuildPhase;
			buildActionMask = 2147483647;
			files = (
			);
			runOnlyForDeploymentPostprocessing = 0;
		};
		127E83322B4C8DDA00E6D4E8 /* Frameworks */ = {
			isa = PBXFrameworksBuildPhase;
			buildActionMask = 2147483647;
			files = (
			);
			runOnlyForDeploymentPostprocessing = 0;
		};
/* End PBXFrameworksBuildPhase section */

/* Begin PBXGroup section */
		127E83112B4C8DD900E6D4E8 = {
			isa = PBXGroup;
			children = (
				127E831C2B4C8DD900E6D4E8 /* Quarters */,
				127E832E2B4C8DDA00E6D4E8 /* QuartersTests */,
				127E83382B4C8DDA00E6D4E8 /* QuartersUITests */,
				127E831B2B4C8DD900E6D4E8 /* Products */,
			);
			sourceTree = "<group>";
		};
		127E831B2B4C8DD900E6D4E8 /* Products */ = {
			isa = PBXGroup;
			children = (
				127E831A2B4C8DD900E6D4E8 /* Quarters.app */,
				127E832B2B4C8DDA00E6D4E8 /* QuartersTests.xctest */,
				127E83352B4C8DDA00E6D4E8 /* QuartersUITests.xctest */,
			);
			name = Products;
			sourceTree = "<group>";
		};
		127E831C2B4C8DD900E6D4E8 /* Quarters */ = {
			isa = PBXGroup;
			children = (
				127E83482B4C8E5300E6D4E8 /* Helpers */,
				127E83492B4C8E5E00E6D4E8 /* Models */,
				127E834A2B4C8E6800E6D4E8 /* Views */,
				127E831D2B4C8DD900E6D4E8 /* QuartersApp.swift */,
				127E831F2B4C8DD900E6D4E8 /* ContentView.swift */,
				127E83212B4C8DDA00E6D4E8 /* Assets.xcassets */,
				127E83232B4C8DDA00E6D4E8 /* Quarters.entitlements */,
				127E83242B4C8DDA00E6D4E8 /* Preview Content */,
			);
			path = Quarters;
			sourceTree = "<group>";
		};
		127E83242B4C8DDA00E6D4E8 /* Preview Content */ = {
			isa = PBXGroup;
			children = (
				127E83252B4C8DDA00E6D4E8 /* Preview Assets.xcassets */,
			);
			path = "Preview Content";
			sourceTree = "<group>";
		};
		127E832E2B4C8DDA00E6D4E8 /* QuartersTests */ = {
			isa = PBXGroup;
			children = (
				127E832F2B4C8DDA00E6D4E8 /* QuartersTests.swift */,
			);
			path = QuartersTests;
			sourceTree = "<group>";
		};
		127E83382B4C8DDA00E6D4E8 /* QuartersUITests */ = {
			isa = PBXGroup;
			children = (
				127E83392B4C8DDA00E6D4E8 /* QuartersUITests.swift */,
				127E833B2B4C8DDA00E6D4E8 /* QuartersUITestsLaunchTests.swift */,
			);
			path = QuartersUITests;
			sourceTree = "<group>";
		};
		127E83482B4C8E5300E6D4E8 /* Helpers */ = {
			isa = PBXGroup;
			children = (
				127E83602B4C912B00E6D4E8 /* LockView.swift */,
				127E83622B4C914E00E6D4E8 /* SwipeView.swift */,
				127E83642B4C916B00E6D4E8 /* CardView.swift */,
				127E83662B4C919200E6D4E8 /* TransactionCardView.swift */,
				127E83682B4C91B700E6D4E8 /* DateFilterView.swift */,
				127E836A2B4C91DA00E6D4E8 /* FilterTransactionsView.swift */,
				127E836C2B4C920F00E6D4E8 /* Constants.swift */,
				127E836E2B4C923300E6D4E8 /* View+Extensions.swift */,
				127E83702B4C925400E6D4E8 /* Date+Extensions.swift */,
			);
			path = Helpers;
			sourceTree = "<group>";
		};
		127E83492B4C8E5E00E6D4E8 /* Models */ = {
			isa = PBXGroup;
			children = (
				127E834C2B4C8ECF00E6D4E8 /* Tab.swift */,
				127E834E2B4C8EED00E6D4E8 /* Category.swift */,
				127E83502B4C8F1000E6D4E8 /* Transaction.swift */,
				127E83522B4C8F3600E6D4E8 /* TintColor.swift */,
			);
			path = Models;
			sourceTree = "<group>";
		};
		127E834A2B4C8E6800E6D4E8 /* Views */ = {
			isa = PBXGroup;
			children = (
				127E834B2B4C8E7600E6D4E8 /* TabViews */,
				127E835C2B4C909200E6D4E8 /* IntroScreen.swift */,
				127E835E2B4C90B700E6D4E8 /* TransactionView.swift */,
				127E83722B4F569600E6D4E8 /* NewExpenseView.swift */,
			);
			path = Views;
			sourceTree = "<group>";
		};
		127E834B2B4C8E7600E6D4E8 /* TabViews */ = {
			isa = PBXGroup;
			children = (
				127E83542B4C900F00E6D4E8 /* Recents.swift */,
				127E83562B4C902B00E6D4E8 /* Search.swift */,
				127E83582B4C904500E6D4E8 /* Graph.swift */,
				127E835A2B4C906600E6D4E8 /* Settings.swift */,
			);
			path = TabViews;
			sourceTree = "<group>";
		};
/* End PBXGroup section */

/* Begin PBXNativeTarget section */
		127E83192B4C8DD900E6D4E8 /* Quarters */ = {
			isa = PBXNativeTarget;
			buildConfigurationList = 127E833F2B4C8DDA00E6D4E8 /* Build configuration list for PBXNativeTarget "Quarters" */;
			buildPhases = (
				127E83162B4C8DD900E6D4E8 /* Sources */,
				127E83172B4C8DD900E6D4E8 /* Frameworks */,
				127E83182B4C8DD900E6D4E8 /* Resources */,
			);
			buildRules = (
			);
			dependencies = (
			);
			name = Quarters;
			productName = Quarters;
			productReference = 127E831A2B4C8DD900E6D4E8 /* Quarters.app */;
			productType = "com.apple.product-type.application";
		};
		127E832A2B4C8DDA00E6D4E8 /* QuartersTests */ = {
			isa = PBXNativeTarget;
			buildConfigurationList = 127E83422B4C8DDA00E6D4E8 /* Build configuration list for PBXNativeTarget "QuartersTests" */;
			buildPhases = (
				127E83272B4C8DDA00E6D4E8 /* Sources */,
				127E83282B4C8DDA00E6D4E8 /* Frameworks */,
				127E83292B4C8DDA00E6D4E8 /* Resources */,
			);
			buildRules = (
			);
			dependencies = (
				127E832D2B4C8DDA00E6D4E8 /* PBXTargetDependency */,
			);
			name = QuartersTests;
			productName = QuartersTests;
			productReference = 127E832B2B4C8DDA00E6D4E8 /* QuartersTests.xctest */;
			productType = "com.apple.product-type.bundle.unit-test";
		};
		127E83342B4C8DDA00E6D4E8 /* QuartersUITests */ = {
			isa = PBXNativeTarget;
			buildConfigurationList = 127E83452B4C8DDA00E6D4E8 /* Build configuration list for PBXNativeTarget "QuartersUITests" */;
			buildPhases = (
				127E83312B4C8DDA00E6D4E8 /* Sources */,
				127E83322B4C8DDA00E6D4E8 /* Frameworks */,
				127E83332B4C8DDA00E6D4E8 /* Resources */,
			);
			buildRules = (
			);
			dependencies = (
				127E83372B4C8DDA00E6D4E8 /* PBXTargetDependency */,
			);
			name = QuartersUITests;
			productName = QuartersUITests;
			productReference = 127E83352B4C8DDA00E6D4E8 /* QuartersUITests.xctest */;
			productType = "com.apple.product-type.bundle.ui-testing";
		};
/* End PBXNativeTarget section */

/* Begin PBXProject section */
		127E83122B4C8DD900E6D4E8 /* Project object */ = {
			isa = PBXProject;
			attributes = {
				BuildIndependentTargetsInParallel = 1;
				LastSwiftUpdateCheck = 1510;
				LastUpgradeCheck = 1510;
				TargetAttributes = {
					127E83192B4C8DD900E6D4E8 = {
						CreatedOnToolsVersion = 15.1;
					};
					127E832A2B4C8DDA00E6D4E8 = {
						CreatedOnToolsVersion = 15.1;
						TestTargetID = 127E83192B4C8DD900E6D4E8;
					};
					127E83342B4C8DDA00E6D4E8 = {
						CreatedOnToolsVersion = 15.1;
						TestTargetID = 127E83192B4C8DD900E6D4E8;
					};
				};
			};
			buildConfigurationList = 127E83152B4C8DD900E6D4E8 /* Build configuration list for PBXProject "Quarters" */;
			compatibilityVersion = "Xcode 14.0";
			developmentRegion = en;
			hasScannedForEncodings = 0;
			knownRegions = (
				en,
				Base,
			);
			mainGroup = 127E83112B4C8DD900E6D4E8;
			productRefGroup = 127E831B2B4C8DD900E6D4E8 /* Products */;
			projectDirPath = "";
			projectRoot = "";
			targets = (
				127E83192B4C8DD900E6D4E8 /* Quarters */,
				127E832A2B4C8DDA00E6D4E8 /* QuartersTests */,
				127E83342B4C8DDA00E6D4E8 /* QuartersUITests */,
			);
		};
/* End PBXProject section */

/* Begin PBXResourcesBuildPhase section */
		127E83182B4C8DD900E6D4E8 /* Resources */ = {
			isa = PBXResourcesBuildPhase;
			buildActionMask = 2147483647;
			files = (
				127E83262B4C8DDA00E6D4E8 /* Preview Assets.xcassets in Resources */,
				127E83222B4C8DDA00E6D4E8 /* Assets.xcassets in Resources */,
			);
			runOnlyForDeploymentPostprocessing = 0;
		};
		127E83292B4C8DDA00E6D4E8 /* Resources */ = {
			isa = PBXResourcesBuildPhase;
			buildActionMask = 2147483647;
			files = (
			);
			runOnlyForDeploymentPostprocessing = 0;
		};
		127E83332B4C8DDA00E6D4E8 /* Resources */ = {
			isa = PBXResourcesBuildPhase;
			buildActionMask = 2147483647;
			files = (
			);
			runOnlyForDeploymentPostprocessing = 0;
		};
/* End PBXResourcesBuildPhase section */

/* Begin PBXSourcesBuildPhase section */
		127E83162B4C8DD900E6D4E8 /* Sources */ = {
			isa = PBXSourcesBuildPhase;
			buildActionMask = 2147483647;
			files = (
				127E834D2B4C8ECF00E6D4E8 /* Tab.swift in Sources */,
				127E836D2B4C920F00E6D4E8 /* Constants.swift in Sources */,
				127E83712B4C925400E6D4E8 /* Date+Extensions.swift in Sources */,
				127E83552B4C900F00E6D4E8 /* Recents.swift in Sources */,
				127E83202B4C8DD900E6D4E8 /* ContentView.swift in Sources */,
				127E83632B4C914E00E6D4E8 /* SwipeView.swift in Sources */,
				127E83652B4C916B00E6D4E8 /* CardView.swift in Sources */,
				127E83692B4C91B700E6D4E8 /* DateFilterView.swift in Sources */,
				127E831E2B4C8DD900E6D4E8 /* QuartersApp.swift in Sources */,
				127E835B2B4C906600E6D4E8 /* Settings.swift in Sources */,
				127E835F2B4C90B700E6D4E8 /* TransactionView.swift in Sources */,
				127E835D2B4C909200E6D4E8 /* IntroScreen.swift in Sources */,
				127E83732B4F569600E6D4E8 /* NewExpenseView.swift in Sources */,
				127E834F2B4C8EED00E6D4E8 /* Category.swift in Sources */,
				127E83572B4C902B00E6D4E8 /* Search.swift in Sources */,
				127E83592B4C904500E6D4E8 /* Graph.swift in Sources */,
				127E83612B4C912B00E6D4E8 /* LockView.swift in Sources */,
				127E83532B4C8F3600E6D4E8 /* TintColor.swift in Sources */,
				127E836B2B4C91DA00E6D4E8 /* FilterTransactionsView.swift in Sources */,
				127E83512B4C8F1000E6D4E8 /* Transaction.swift in Sources */,
				127E836F2B4C923300E6D4E8 /* View+Extensions.swift in Sources */,
				127E83672B4C919200E6D4E8 /* TransactionCardView.swift in Sources */,
			);
			runOnlyForDeploymentPostprocessing = 0;
		};
		127E83272B4C8DDA00E6D4E8 /* Sources */ = {
			isa = PBXSourcesBuildPhase;
			buildActionMask = 2147483647;
			files = (
				127E83302B4C8DDA00E6D4E8 /* QuartersTests.swift in Sources */,
			);
			runOnlyForDeploymentPostprocessing = 0;
		};
		127E83312B4C8DDA00E6D4E8 /* Sources */ = {
			isa = PBXSourcesBuildPhase;
			buildActionMask = 2147483647;
			files = (
				127E833C2B4C8DDA00E6D4E8 /* QuartersUITestsLaunchTests.swift in Sources */,
				127E833A2B4C8DDA00E6D4E8 /* QuartersUITests.swift in Sources */,
			);
			runOnlyForDeploymentPostprocessing = 0;
		};
/* End PBXSourcesBuildPhase section */

/* Begin PBXTargetDependency section */
		127E832D2B4C8DDA00E6D4E8 /* PBXTargetDependency */ = {
			isa = PBXTargetDependency;
			target = 127E83192B4C8DD900E6D4E8 /* Quarters */;
			targetProxy = 127E832C2B4C8DDA00E6D4E8 /* PBXContainerItemProxy */;
		};
		127E83372B4C8DDA00E6D4E8 /* PBXTargetDependency */ = {
			isa = PBXTargetDependency;
			target = 127E83192B4C8DD900E6D4E8 /* Quarters */;
			targetProxy = 127E83362B4C8DDA00E6D4E8 /* PBXContainerItemProxy */;
		};
/* End PBXTargetDependency section */

/* Begin XCBuildConfiguration section */
		127E833D2B4C8DDA00E6D4E8 /* Debug */ = {
			isa = XCBuildConfiguration;
			buildSettings = {
				ALWAYS_SEARCH_USER_PATHS = NO;
				ASSETCATALOG_COMPILER_GENERATE_SWIFT_ASSET_SYMBOL_EXTENSIONS = YES;
				CLANG_ANALYZER_NONNULL = YES;
				CLANG_ANALYZER_NUMBER_OBJECT_CONVERSION = YES_AGGRESSIVE;
				CLANG_CXX_LANGUAGE_STANDARD = "gnu++20";
				CLANG_ENABLE_MODULES = YES;
				CLANG_ENABLE_OBJC_ARC = YES;
				CLANG_ENABLE_OBJC_WEAK = YES;
				CLANG_WARN_BLOCK_CAPTURE_AUTORELEASING = YES;
				CLANG_WARN_BOOL_CONVERSION = YES;
				CLANG_WARN_COMMA = YES;
				CLANG_WARN_CONSTANT_CONVERSION = YES;
				CLANG_WARN_DEPRECATED_OBJC_IMPLEMENTATIONS = YES;
				CLANG_WARN_DIRECT_OBJC_ISA_USAGE = YES_ERROR;
				CLANG_WARN_DOCUMENTATION_COMMENTS = YES;
				CLANG_WARN_EMPTY_BODY = YES;
				CLANG_WARN_ENUM_CONVERSION = YES;
				CLANG_WARN_INFINITE_RECURSION = YES;
				CLANG_WARN_INT_CONVERSION = YES;
				CLANG_WARN_NON_LITERAL_NULL_CONVERSION = YES;
				CLANG_WARN_OBJC_IMPLICIT_RETAIN_SELF = YES;
				CLANG_WARN_OBJC_LITERAL_CONVERSION = YES;
				CLANG_WARN_OBJC_ROOT_CLASS = YES_ERROR;
				CLANG_WARN_QUOTED_INCLUDE_IN_FRAMEWORK_HEADER = YES;
				CLANG_WARN_RANGE_LOOP_ANALYSIS = YES;
				CLANG_WARN_STRICT_PROTOTYPES = YES;
				CLANG_WARN_SUSPICIOUS_MOVE = YES;
				CLANG_WARN_UNGUARDED_AVAILABILITY = YES_AGGRESSIVE;
				CLANG_WARN_UNREACHABLE_CODE = YES;
				CLANG_WARN__DUPLICATE_METHOD_MATCH = YES;
				COPY_PHASE_STRIP = NO;
				DEBUG_INFORMATION_FORMAT = dwarf;
				ENABLE_STRICT_OBJC_MSGSEND = YES;
				ENABLE_TESTABILITY = YES;
				ENABLE_USER_SCRIPT_SANDBOXING = YES;
				GCC_C_LANGUAGE_STANDARD = gnu17;
				GCC_DYNAMIC_NO_PIC = NO;
				GCC_NO_COMMON_BLOCKS = YES;
				GCC_OPTIMIZATION_LEVEL = 0;
				GCC_PREPROCESSOR_DEFINITIONS = (
					"DEBUG=1",
					"$(inherited)",
				);
				GCC_WARN_64_TO_32_BIT_CONVERSION = YES;
				GCC_WARN_ABOUT_RETURN_TYPE = YES_ERROR;
				GCC_WARN_UNDECLARED_SELECTOR = YES;
				GCC_WARN_UNINITIALIZED_AUTOS = YES_AGGRESSIVE;
				GCC_WARN_UNUSED_FUNCTION = YES;
				GCC_WARN_UNUSED_VARIABLE = YES;
				LOCALIZATION_PREFERS_STRING_CATALOGS = YES;
				MTL_ENABLE_DEBUG_INFO = INCLUDE_SOURCE;
				MTL_FAST_MATH = YES;
				ONLY_ACTIVE_ARCH = YES;
				SWIFT_ACTIVE_COMPILATION_CONDITIONS = "DEBUG $(inherited)";
				SWIFT_OPTIMIZATION_LEVEL = "-Onone";
			};
			name = Debug;
		};
		127E833E2B4C8DDA00E6D4E8 /* Release */ = {
			isa = XCBuildConfiguration;
			buildSettings = {
				ALWAYS_SEARCH_USER_PATHS = NO;
				ASSETCATALOG_COMPILER_GENERATE_SWIFT_ASSET_SYMBOL_EXTENSIONS = YES;
				CLANG_ANALYZER_NONNULL = YES;
				CLANG_ANALYZER_NUMBER_OBJECT_CONVERSION = YES_AGGRESSIVE;
				CLANG_CXX_LANGUAGE_STANDARD = "gnu++20";
				CLANG_ENABLE_MODULES = YES;
				CLANG_ENABLE_OBJC_ARC = YES;
				CLANG_ENABLE_OBJC_WEAK = YES;
				CLANG_WARN_BLOCK_CAPTURE_AUTORELEASING = YES;
				CLANG_WARN_BOOL_CONVERSION = YES;
				CLANG_WARN_COMMA = YES;
				CLANG_WARN_CONSTANT_CONVERSION = YES;
				CLANG_WARN_DEPRECATED_OBJC_IMPLEMENTATIONS = YES;
				CLANG_WARN_DIRECT_OBJC_ISA_USAGE = YES_ERROR;
				CLANG_WARN_DOCUMENTATION_COMMENTS = YES;
				CLANG_WARN_EMPTY_BODY = YES;
				CLANG_WARN_ENUM_CONVERSION = YES;
				CLANG_WARN_INFINITE_RECURSION = YES;
				CLANG_WARN_INT_CONVERSION = YES;
				CLANG_WARN_NON_LITERAL_NULL_CONVERSION = YES;
				CLANG_WARN_OBJC_IMPLICIT_RETAIN_SELF = YES;
				CLANG_WARN_OBJC_LITERAL_CONVERSION = YES;
				CLANG_WARN_OBJC_ROOT_CLASS = YES_ERROR;
				CLANG_WARN_QUOTED_INCLUDE_IN_FRAMEWORK_HEADER = YES;
				CLANG_WARN_RANGE_LOOP_ANALYSIS = YES;
				CLANG_WARN_STRICT_PROTOTYPES = YES;
				CLANG_WARN_SUSPICIOUS_MOVE = YES;
				CLANG_WARN_UNGUARDED_AVAILABILITY = YES_AGGRESSIVE;
				CLANG_WARN_UNREACHABLE_CODE = YES;
				CLANG_WARN__DUPLICATE_METHOD_MATCH = YES;
				COPY_PHASE_STRIP = NO;
				DEBUG_INFORMATION_FORMAT = "dwarf-with-dsym";
				ENABLE_NS_ASSERTIONS = NO;
				ENABLE_STRICT_OBJC_MSGSEND = YES;
				ENABLE_USER_SCRIPT_SANDBOXING = YES;
				GCC_C_LANGUAGE_STANDARD = gnu17;
				GCC_NO_COMMON_BLOCKS = YES;
				GCC_WARN_64_TO_32_BIT_CONVERSION = YES;
				GCC_WARN_ABOUT_RETURN_TYPE = YES_ERROR;
				GCC_WARN_UNDECLARED_SELECTOR = YES;
				GCC_WARN_UNINITIALIZED_AUTOS = YES_AGGRESSIVE;
				GCC_WARN_UNUSED_FUNCTION = YES;
				GCC_WARN_UNUSED_VARIABLE = YES;
				LOCALIZATION_PREFERS_STRING_CATALOGS = YES;
				MTL_ENABLE_DEBUG_INFO = NO;
				MTL_FAST_MATH = YES;
				SWIFT_COMPILATION_MODE = wholemodule;
			};
			name = Release;
		};
		127E83402B4C8DDA00E6D4E8 /* Debug */ = {
			isa = XCBuildConfiguration;
			buildSettings = {
				ASSETCATALOG_COMPILER_APPICON_NAME = AppIcon;
				ASSETCATALOG_COMPILER_GLOBAL_ACCENT_COLOR_NAME = AccentColor;
				CODE_SIGN_ENTITLEMENTS = Quarters/Quarters.entitlements;
				CODE_SIGN_STYLE = Automatic;
				CURRENT_PROJECT_VERSION = 1;
				DEVELOPMENT_ASSET_PATHS = "\"Quarters/Preview Content\"";
				DEVELOPMENT_TEAM = 8QQYNTY523;
				ENABLE_HARDENED_RUNTIME = YES;
				ENABLE_PREVIEWS = YES;
				GENERATE_INFOPLIST_FILE = YES;
				INFOPLIST_KEY_NSFaceIDUsageDescription = DESCRIPTION;
				"INFOPLIST_KEY_UIApplicationSceneManifest_Generation[sdk=iphoneos*]" = YES;
				"INFOPLIST_KEY_UIApplicationSceneManifest_Generation[sdk=iphonesimulator*]" = YES;
				"INFOPLIST_KEY_UIApplicationSupportsIndirectInputEvents[sdk=iphoneos*]" = YES;
				"INFOPLIST_KEY_UIApplicationSupportsIndirectInputEvents[sdk=iphonesimulator*]" = YES;
				"INFOPLIST_KEY_UILaunchScreen_Generation[sdk=iphoneos*]" = YES;
				"INFOPLIST_KEY_UILaunchScreen_Generation[sdk=iphonesimulator*]" = YES;
				"INFOPLIST_KEY_UIStatusBarStyle[sdk=iphoneos*]" = UIStatusBarStyleDefault;
				"INFOPLIST_KEY_UIStatusBarStyle[sdk=iphonesimulator*]" = UIStatusBarStyleDefault;
				INFOPLIST_KEY_UISupportedInterfaceOrientations_iPad = "UIInterfaceOrientationPortrait UIInterfaceOrientationPortraitUpsideDown UIInterfaceOrientationLandscapeLeft UIInterfaceOrientationLandscapeRight";
				INFOPLIST_KEY_UISupportedInterfaceOrientations_iPhone = "UIInterfaceOrientationPortrait UIInterfaceOrientationLandscapeLeft UIInterfaceOrientationLandscapeRight";
				IPHONEOS_DEPLOYMENT_TARGET = 17.2;
				LD_RUNPATH_SEARCH_PATHS = "@executable_path/Frameworks";
				"LD_RUNPATH_SEARCH_PATHS[sdk=macosx*]" = "@executable_path/../Frameworks";
				MACOSX_DEPLOYMENT_TARGET = 14.2;
				MARKETING_VERSION = 1.0;
				PRODUCT_BUNDLE_IDENTIFIER = com.weldtactics.Quarters;
				PRODUCT_NAME = "$(TARGET_NAME)";
				SDKROOT = auto;
				SUPPORTED_PLATFORMS = "iphoneos iphonesimulator macosx";
				SWIFT_EMIT_LOC_STRINGS = YES;
				SWIFT_VERSION = 5.0;
				TARGETED_DEVICE_FAMILY = "1,2";
			};
			name = Debug;
		};
		127E83412B4C8DDA00E6D4E8 /* Release */ = {
			isa = XCBuildConfiguration;
			buildSettings = {
				ASSETCATALOG_COMPILER_APPICON_NAME = AppIcon;
				ASSETCATALOG_COMPILER_GLOBAL_ACCENT_COLOR_NAME = AccentColor;
				CODE_SIGN_ENTITLEMENTS = Quarters/Quarters.entitlements;
				CODE_SIGN_STYLE = Automatic;
				CURRENT_PROJECT_VERSION = 1;
				DEVELOPMENT_ASSET_PATHS = "\"Quarters/Preview Content\"";
				DEVELOPMENT_TEAM = 8QQYNTY523;
				ENABLE_HARDENED_RUNTIME = YES;
				ENABLE_PREVIEWS = YES;
				GENERATE_INFOPLIST_FILE = YES;
				INFOPLIST_KEY_NSFaceIDUsageDescription = DESCRIPTION;
				"INFOPLIST_KEY_UIApplicationSceneManifest_Generation[sdk=iphoneos*]" = YES;
				"INFOPLIST_KEY_UIApplicationSceneManifest_Generation[sdk=iphonesimulator*]" = YES;
				"INFOPLIST_KEY_UIApplicationSupportsIndirectInputEvents[sdk=iphoneos*]" = YES;
				"INFOPLIST_KEY_UIApplicationSupportsIndirectInputEvents[sdk=iphonesimulator*]" = YES;
				"INFOPLIST_KEY_UILaunchScreen_Generation[sdk=iphoneos*]" = YES;
				"INFOPLIST_KEY_UILaunchScreen_Generation[sdk=iphonesimulator*]" = YES;
				"INFOPLIST_KEY_UIStatusBarStyle[sdk=iphoneos*]" = UIStatusBarStyleDefault;
				"INFOPLIST_KEY_UIStatusBarStyle[sdk=iphonesimulator*]" = UIStatusBarStyleDefault;
				INFOPLIST_KEY_UISupportedInterfaceOrientations_iPad = "UIInterfaceOrientationPortrait UIInterfaceOrientationPortraitUpsideDown UIInterfaceOrientationLandscapeLeft UIInterfaceOrientationLandscapeRight";
				INFOPLIST_KEY_UISupportedInterfaceOrientations_iPhone = "UIInterfaceOrientationPortrait UIInterfaceOrientationLandscapeLeft UIInterfaceOrientationLandscapeRight";
				IPHONEOS_DEPLOYMENT_TARGET = 17.2;
				LD_RUNPATH_SEARCH_PATHS = "@executable_path/Frameworks";
				"LD_RUNPATH_SEARCH_PATHS[sdk=macosx*]" = "@executable_path/../Frameworks";
				MACOSX_DEPLOYMENT_TARGET = 14.2;
				MARKETING_VERSION = 1.0;
				PRODUCT_BUNDLE_IDENTIFIER = com.weldtactics.Quarters;
				PRODUCT_NAME = "$(TARGET_NAME)";
				SDKROOT = auto;
				SUPPORTED_PLATFORMS = "iphoneos iphonesimulator macosx";
				SWIFT_EMIT_LOC_STRINGS = YES;
				SWIFT_VERSION = 5.0;
				TARGETED_DEVICE_FAMILY = "1,2";
			};
			name = Release;
		};
		127E83432B4C8DDA00E6D4E8 /* Debug */ = {
			isa = XCBuildConfiguration;
			buildSettings = {
				ALWAYS_EMBED_SWIFT_STANDARD_LIBRARIES = YES;
				BUNDLE_LOADER = "$(TEST_HOST)";
				CODE_SIGN_STYLE = Automatic;
				CURRENT_PROJECT_VERSION = 1;
				DEVELOPMENT_TEAM = 8QQYNTY523;
				GENERATE_INFOPLIST_FILE = YES;
				IPHONEOS_DEPLOYMENT_TARGET = 17.2;
				MACOSX_DEPLOYMENT_TARGET = 14.2;
				MARKETING_VERSION = 1.0;
				PRODUCT_BUNDLE_IDENTIFIER = com.weldtactics.QuartersTests;
				PRODUCT_NAME = "$(TARGET_NAME)";
				SDKROOT = auto;
				SUPPORTED_PLATFORMS = "iphoneos iphonesimulator macosx";
				SWIFT_EMIT_LOC_STRINGS = NO;
				SWIFT_VERSION = 5.0;
				TARGETED_DEVICE_FAMILY = "1,2";
				TEST_HOST = "$(BUILT_PRODUCTS_DIR)/Quarters.app/$(BUNDLE_EXECUTABLE_FOLDER_PATH)/Quarters";
			};
			name = Debug;
		};
		127E83442B4C8DDA00E6D4E8 /* Release */ = {
			isa = XCBuildConfiguration;
			buildSettings = {
				ALWAYS_EMBED_SWIFT_STANDARD_LIBRARIES = YES;
				BUNDLE_LOADER = "$(TEST_HOST)";
				CODE_SIGN_STYLE = Automatic;
				CURRENT_PROJECT_VERSION = 1;
				DEVELOPMENT_TEAM = 8QQYNTY523;
				GENERATE_INFOPLIST_FILE = YES;
				IPHONEOS_DEPLOYMENT_TARGET = 17.2;
				MACOSX_DEPLOYMENT_TARGET = 14.2;
				MARKETING_VERSION = 1.0;
				PRODUCT_BUNDLE_IDENTIFIER = com.weldtactics.QuartersTests;
				PRODUCT_NAME = "$(TARGET_NAME)";
				SDKROOT = auto;
				SUPPORTED_PLATFORMS = "iphoneos iphonesimulator macosx";
				SWIFT_EMIT_LOC_STRINGS = NO;
				SWIFT_VERSION = 5.0;
				TARGETED_DEVICE_FAMILY = "1,2";
				TEST_HOST = "$(BUILT_PRODUCTS_DIR)/Quarters.app/$(BUNDLE_EXECUTABLE_FOLDER_PATH)/Quarters";
			};
			name = Release;
		};
		127E83462B4C8DDA00E6D4E8 /* Debug */ = {
			isa = XCBuildConfiguration;
			buildSettings = {
				ALWAYS_EMBED_SWIFT_STANDARD_LIBRARIES = YES;
				CODE_SIGN_STYLE = Automatic;
				CURRENT_PROJECT_VERSION = 1;
				DEVELOPMENT_TEAM = 8QQYNTY523;
				GENERATE_INFOPLIST_FILE = YES;
				IPHONEOS_DEPLOYMENT_TARGET = 17.2;
				MACOSX_DEPLOYMENT_TARGET = 14.2;
				MARKETING_VERSION = 1.0;
				PRODUCT_BUNDLE_IDENTIFIER = com.weldtactics.QuartersUITests;
				PRODUCT_NAME = "$(TARGET_NAME)";
				SDKROOT = auto;
				SUPPORTED_PLATFORMS = "iphoneos iphonesimulator macosx";
				SWIFT_EMIT_LOC_STRINGS = NO;
				SWIFT_VERSION = 5.0;
				TARGETED_DEVICE_FAMILY = "1,2";
				TEST_TARGET_NAME = Quarters;
			};
			name = Debug;
		};
		127E83472B4C8DDA00E6D4E8 /* Release */ = {
			isa = XCBuildConfiguration;
			buildSettings = {
				ALWAYS_EMBED_SWIFT_STANDARD_LIBRARIES = YES;
				CODE_SIGN_STYLE = Automatic;
				CURRENT_PROJECT_VERSION = 1;
				DEVELOPMENT_TEAM = 8QQYNTY523;
				GENERATE_INFOPLIST_FILE = YES;
				IPHONEOS_DEPLOYMENT_TARGET = 17.2;
				MACOSX_DEPLOYMENT_TARGET = 14.2;
				MARKETING_VERSION = 1.0;
				PRODUCT_BUNDLE_IDENTIFIER = com.weldtactics.QuartersUITests;
				PRODUCT_NAME = "$(TARGET_NAME)";
				SDKROOT = auto;
				SUPPORTED_PLATFORMS = "iphoneos iphonesimulator macosx";
				SWIFT_EMIT_LOC_STRINGS = NO;
				SWIFT_VERSION = 5.0;
				TARGETED_DEVICE_FAMILY = "1,2";
				TEST_TARGET_NAME = Quarters;
			};
			name = Release;
		};
/* End XCBuildConfiguration section */

/* Begin XCConfigurationList section */
		127E83152B4C8DD900E6D4E8 /* Build configuration list for PBXProject "Quarters" */ = {
			isa = XCConfigurationList;
			buildConfigurations = (
				127E833D2B4C8DDA00E6D4E8 /* Debug */,
				127E833E2B4C8DDA00E6D4E8 /* Release */,
			);
			defaultConfigurationIsVisible = 0;
			defaultConfigurationName = Release;
		};
		127E833F2B4C8DDA00E6D4E8 /* Build configuration list for PBXNativeTarget "Quarters" */ = {
			isa = XCConfigurationList;
			buildConfigurations = (
				127E83402B4C8DDA00E6D4E8 /* Debug */,
				127E83412B4C8DDA00E6D4E8 /* Release */,
			);
			defaultConfigurationIsVisible = 0;
			defaultConfigurationName = Release;
		};
		127E83422B4C8DDA00E6D4E8 /* Build configuration list for PBXNativeTarget "QuartersTests" */ = {
			isa = XCConfigurationList;
			buildConfigurations = (
				127E83432B4C8DDA00E6D4E8 /* Debug */,
				127E83442B4C8DDA00E6D4E8 /* Release */,
			);
			defaultConfigurationIsVisible = 0;
			defaultConfigurationName = Release;
		};
		127E83452B4C8DDA00E6D4E8 /* Build configuration list for PBXNativeTarget "QuartersUITests" */ = {
			isa = XCConfigurationList;
			buildConfigurations = (
				127E83462B4C8DDA00E6D4E8 /* Debug */,
				127E83472B4C8DDA00E6D4E8 /* Release */,
			);
			defaultConfigurationIsVisible = 0;
			defaultConfigurationName = Release;
		};
/* End XCConfigurationList section */
	};
	rootObject = 127E83122B4C8DD900E6D4E8 /* Project object */;
}
