// !$*UTF8*$!
{
	archiveVersion = 1;
	classes = {
	};
	objectVersion = 56;
	objects = {

/* Begin PBXBuildFile section */
		122CAA7F2B5EDC310053E9FD /* TabPosition.swift in Sources */ = {isa = PBXBuildFile; fileRef = 122CAA7E2B5EDC310053E9FD /* TabPosition.swift */; };
		122CAA812B5EDC4F0053E9FD /* TabShape.swift in Sources */ = {isa = PBXBuildFile; fileRef = 122CAA802B5EDC4F0053E9FD /* TabShape.swift */; };
		122CAA852B5EEC2E0053E9FD /* Color.swift in Sources */ = {isa = PBXBuildFile; fileRef = 122CAA842B5EEC2E0053E9FD /* Color.swift */; };
		122CAA872B5EECEC0053E9FD /* CustomSegmentedSelector.swift in Sources */ = {isa = PBXBuildFile; fileRef = 122CAA862B5EECEC0053E9FD /* CustomSegmentedSelector.swift */; };
		126B071F2B5705B900E70D86 /* WidgetKit.framework in Frameworks */ = {isa = PBXBuildFile; fileRef = 126B071E2B5705B900E70D86 /* WidgetKit.framework */; };
		126B07212B5705B900E70D86 /* SwiftUI.framework in Frameworks */ = {isa = PBXBuildFile; fileRef = 126B07202B5705B900E70D86 /* SwiftUI.framework */; };
		126B07242B5705B900E70D86 /* StatsCardViewBundle.swift in Sources */ = {isa = PBXBuildFile; fileRef = 126B07232B5705B900E70D86 /* StatsCardViewBundle.swift */; };
		126B07262B5705B900E70D86 /* StatsCardViewLiveActivity.swift in Sources */ = {isa = PBXBuildFile; fileRef = 126B07252B5705B900E70D86 /* StatsCardViewLiveActivity.swift */; };
		126B07282B5705B900E70D86 /* StatsCardView.swift in Sources */ = {isa = PBXBuildFile; fileRef = 126B07272B5705B900E70D86 /* StatsCardView.swift */; };
		126B072A2B5705B900E70D86 /* AppIntent.swift in Sources */ = {isa = PBXBuildFile; fileRef = 126B07292B5705B900E70D86 /* AppIntent.swift */; };
		126B072C2B5705BB00E70D86 /* Assets.xcassets in Resources */ = {isa = PBXBuildFile; fileRef = 126B072B2B5705BB00E70D86 /* Assets.xcassets */; };
		126B07302B5705BB00E70D86 /* StatsCardViewExtension.appex in Embed Foundation Extensions */ = {isa = PBXBuildFile; fileRef = 126B071C2B5705B900E70D86 /* StatsCardViewExtension.appex */; settings = {ATTRIBUTES = (RemoveHeadersOnCopy, ); }; };
		126B07352B572D9100E70D86 /* FilterTransactionsView.swift in Sources */ = {isa = PBXBuildFile; fileRef = 127E836A2B4C91DA00E6D4E8 /* FilterTransactionsView.swift */; };
		126B07362B572DBE00E70D86 /* Date+Extensions.swift in Sources */ = {isa = PBXBuildFile; fileRef = 127E83702B4C925400E6D4E8 /* Date+Extensions.swift */; };
		126B07372B572DF800E70D86 /* View+Extensions.swift in Sources */ = {isa = PBXBuildFile; fileRef = 127E836E2B4C923300E6D4E8 /* View+Extensions.swift */; };
		126B07392B572E2B00E70D86 /* CardView.swift in Sources */ = {isa = PBXBuildFile; fileRef = 127E83642B4C916B00E6D4E8 /* CardView.swift */; };
		126B073B2B572E5300E70D86 /* Transaction.swift in Sources */ = {isa = PBXBuildFile; fileRef = 127E83502B4C8F1000E6D4E8 /* Transaction.swift */; };
		126B073C2B572E5700E70D86 /* TransactionType.swift in Sources */ = {isa = PBXBuildFile; fileRef = 127E834E2B4C8EED00E6D4E8 /* TransactionType.swift */; };
		126B07402B572ECD00E70D86 /* TintColor.swift in Sources */ = {isa = PBXBuildFile; fileRef = 127E83522B4C8F3600E6D4E8 /* TintColor.swift */; };
		126B07432B572EEF00E70D86 /* Constants.swift in Sources */ = {isa = PBXBuildFile; fileRef = 127E836C2B4C920F00E6D4E8 /* Constants.swift */; };
		126B07462B573E8C00E70D86 /* LoadingView.swift in Sources */ = {isa = PBXBuildFile; fileRef = 126B07452B573E8C00E70D86 /* LoadingView.swift */; };
		126B07482B573F0600E70D86 /* CustomShareSheet.swift in Sources */ = {isa = PBXBuildFile; fileRef = 126B07472B573F0600E70D86 /* CustomShareSheet.swift */; };
		127E831E2B4C8DD900E6D4E8 /* QuartersApp.swift in Sources */ = {isa = PBXBuildFile; fileRef = 127E831D2B4C8DD900E6D4E8 /* QuartersApp.swift */; };
		127E83202B4C8DD900E6D4E8 /* ContentView.swift in Sources */ = {isa = PBXBuildFile; fileRef = 127E831F2B4C8DD900E6D4E8 /* ContentView.swift */; };
		127E83222B4C8DDA00E6D4E8 /* Assets.xcassets in Resources */ = {isa = PBXBuildFile; fileRef = 127E83212B4C8DDA00E6D4E8 /* Assets.xcassets */; };
		127E83262B4C8DDA00E6D4E8 /* Preview Assets.xcassets in Resources */ = {isa = PBXBuildFile; fileRef = 127E83252B4C8DDA00E6D4E8 /* Preview Assets.xcassets */; };
		127E83302B4C8DDA00E6D4E8 /* QuartersTests.swift in Sources */ = {isa = PBXBuildFile; fileRef = 127E832F2B4C8DDA00E6D4E8 /* QuartersTests.swift */; };
		127E833A2B4C8DDA00E6D4E8 /* QuartersUITests.swift in Sources */ = {isa = PBXBuildFile; fileRef = 127E83392B4C8DDA00E6D4E8 /* QuartersUITests.swift */; };
		127E833C2B4C8DDA00E6D4E8 /* QuartersUITestsLaunchTests.swift in Sources */ = {isa = PBXBuildFile; fileRef = 127E833B2B4C8DDA00E6D4E8 /* QuartersUITestsLaunchTests.swift */; };
		127E834D2B4C8ECF00E6D4E8 /* Tab.swift in Sources */ = {isa = PBXBuildFile; fileRef = 127E834C2B4C8ECF00E6D4E8 /* Tab.swift */; };
		127E834F2B4C8EED00E6D4E8 /* TransactionType.swift in Sources */ = {isa = PBXBuildFile; fileRef = 127E834E2B4C8EED00E6D4E8 /* TransactionType.swift */; };
		127E83512B4C8F1000E6D4E8 /* Transaction.swift in Sources */ = {isa = PBXBuildFile; fileRef = 127E83502B4C8F1000E6D4E8 /* Transaction.swift */; };
		127E83532B4C8F3600E6D4E8 /* TintColor.swift in Sources */ = {isa = PBXBuildFile; fileRef = 127E83522B4C8F3600E6D4E8 /* TintColor.swift */; };
		127E83552B4C900F00E6D4E8 /* Recents.swift in Sources */ = {isa = PBXBuildFile; fileRef = 127E83542B4C900F00E6D4E8 /* Recents.swift */; };
		127E83572B4C902B00E6D4E8 /* Search.swift in Sources */ = {isa = PBXBuildFile; fileRef = 127E83562B4C902B00E6D4E8 /* Search.swift */; };
		127E83592B4C904500E6D4E8 /* Graph.swift in Sources */ = {isa = PBXBuildFile; fileRef = 127E83582B4C904500E6D4E8 /* Graph.swift */; };
		127E835B2B4C906600E6D4E8 /* Settings.swift in Sources */ = {isa = PBXBuildFile; fileRef = 127E835A2B4C906600E6D4E8 /* Settings.swift */; };
		127E835D2B4C909200E6D4E8 /* IntroScreen.swift in Sources */ = {isa = PBXBuildFile; fileRef = 127E835C2B4C909200E6D4E8 /* IntroScreen.swift */; };
		127E835F2B4C90B700E6D4E8 /* TransactionView.swift in Sources */ = {isa = PBXBuildFile; fileRef = 127E835E2B4C90B700E6D4E8 /* TransactionView.swift */; };
		127E83612B4C912B00E6D4E8 /* LockView.swift in Sources */ = {isa = PBXBuildFile; fileRef = 127E83602B4C912B00E6D4E8 /* LockView.swift */; };
		127E83632B4C914E00E6D4E8 /* SwipeView.swift in Sources */ = {isa = PBXBuildFile; fileRef = 127E83622B4C914E00E6D4E8 /* SwipeView.swift */; };
		127E83652B4C916B00E6D4E8 /* CardView.swift in Sources */ = {isa = PBXBuildFile; fileRef = 127E83642B4C916B00E6D4E8 /* CardView.swift */; };
		127E83672B4C919200E6D4E8 /* TransactionCardView.swift in Sources */ = {isa = PBXBuildFile; fileRef = 127E83662B4C919200E6D4E8 /* TransactionCardView.swift */; };
		127E83692B4C91B700E6D4E8 /* DateFilterView.swift in Sources */ = {isa = PBXBuildFile; fileRef = 127E83682B4C91B700E6D4E8 /* DateFilterView.swift */; };
		127E836B2B4C91DA00E6D4E8 /* FilterTransactionsView.swift in Sources */ = {isa = PBXBuildFile; fileRef = 127E836A2B4C91DA00E6D4E8 /* FilterTransactionsView.swift */; };
		127E836D2B4C920F00E6D4E8 /* Constants.swift in Sources */ = {isa = PBXBuildFile; fileRef = 127E836C2B4C920F00E6D4E8 /* Constants.swift */; };
		127E836F2B4C923300E6D4E8 /* View+Extensions.swift in Sources */ = {isa = PBXBuildFile; fileRef = 127E836E2B4C923300E6D4E8 /* View+Extensions.swift */; };
		127E83712B4C925400E6D4E8 /* Date+Extensions.swift in Sources */ = {isa = PBXBuildFile; fileRef = 127E83702B4C925400E6D4E8 /* Date+Extensions.swift */; };
		127E83752B50B1A300E6D4E8 /* NotificationState.swift in Sources */ = {isa = PBXBuildFile; fileRef = 127E83742B50B1A300E6D4E8 /* NotificationState.swift */; };
		127E83772B50B1D400E6D4E8 /* ChartModel.swift in Sources */ = {isa = PBXBuildFile; fileRef = 127E83762B50B1D400E6D4E8 /* ChartModel.swift */; };
/* End PBXBuildFile section */

/* Begin PBXContainerItemProxy section */
		126B072E2B5705BB00E70D86 /* PBXContainerItemProxy */ = {
			isa = PBXContainerItemProxy;
			containerPortal = 127E83122B4C8DD900E6D4E8 /* Project object */;
			proxyType = 1;
			remoteGlobalIDString = 126B071B2B5705B900E70D86;
			remoteInfo = StatsCardViewExtension;
		};
		127E832C2B4C8DDA00E6D4E8 /* PBXContainerItemProxy */ = {
			isa = PBXContainerItemProxy;
			containerPortal = 127E83122B4C8DD900E6D4E8 /* Project object */;
			proxyType = 1;
			remoteGlobalIDString = 127E83192B4C8DD900E6D4E8;
			remoteInfo = Quarters;
		};
		127E83362B4C8DDA00E6D4E8 /* PBXContainerItemProxy */ = {
			isa = PBXContainerItemProxy;
			containerPortal = 127E83122B4C8DD900E6D4E8 /* Project object */;
			proxyType = 1;
			remoteGlobalIDString = 127E83192B4C8DD900E6D4E8;
			remoteInfo = Quarters;
		};
/* End PBXContainerItemProxy section */

/* Begin PBXCopyFilesBuildPhase section */
		126B07312B5705BB00E70D86 /* Embed Foundation Extensions */ = {
			isa = PBXCopyFilesBuildPhase;
			buildActionMask = 2147483647;
			dstPath = "";
			dstSubfolderSpec = 13;
			files = (
				126B07302B5705BB00E70D86 /* StatsCardViewExtension.appex in Embed Foundation Extensions */,
			);
			name = "Embed Foundation Extensions";
			runOnlyForDeploymentPostprocessing = 0;
		};
/* End PBXCopyFilesBuildPhase section */

/* Begin PBXFileReference section */
		122CAA7E2B5EDC310053E9FD /* TabPosition.swift */ = {isa = PBXFileReference; lastKnownFileType = sourcecode.swift; path = TabPosition.swift; sourceTree = "<group>"; };
		122CAA802B5EDC4F0053E9FD /* TabShape.swift */ = {isa = PBXFileReference; lastKnownFileType = sourcecode.swift; path = TabShape.swift; sourceTree = "<group>"; };
		122CAA842B5EEC2E0053E9FD /* Color.swift */ = {isa = PBXFileReference; lastKnownFileType = sourcecode.swift; path = Color.swift; sourceTree = "<group>"; };
		122CAA862B5EECEC0053E9FD /* CustomSegmentedSelector.swift */ = {isa = PBXFileReference; lastKnownFileType = sourcecode.swift; path = CustomSegmentedSelector.swift; sourceTree = "<group>"; };
		126B071C2B5705B900E70D86 /* StatsCardViewExtension.appex */ = {isa = PBXFileReference; explicitFileType = "wrapper.app-extension"; includeInIndex = 0; path = StatsCardViewExtension.appex; sourceTree = BUILT_PRODUCTS_DIR; };
		126B071E2B5705B900E70D86 /* WidgetKit.framework */ = {isa = PBXFileReference; lastKnownFileType = wrapper.framework; name = WidgetKit.framework; path = System/Library/Frameworks/WidgetKit.framework; sourceTree = SDKROOT; };
		126B07202B5705B900E70D86 /* SwiftUI.framework */ = {isa = PBXFileReference; lastKnownFileType = wrapper.framework; name = SwiftUI.framework; path = System/Library/Frameworks/SwiftUI.framework; sourceTree = SDKROOT; };
		126B07232B5705B900E70D86 /* StatsCardViewBundle.swift */ = {isa = PBXFileReference; lastKnownFileType = sourcecode.swift; path = StatsCardViewBundle.swift; sourceTree = "<group>"; };
		126B07252B5705B900E70D86 /* StatsCardViewLiveActivity.swift */ = {isa = PBXFileReference; lastKnownFileType = sourcecode.swift; path = StatsCardViewLiveActivity.swift; sourceTree = "<group>"; };
		126B07272B5705B900E70D86 /* StatsCardView.swift */ = {isa = PBXFileReference; lastKnownFileType = sourcecode.swift; path = StatsCardView.swift; sourceTree = "<group>"; };
		126B07292B5705B900E70D86 /* AppIntent.swift */ = {isa = PBXFileReference; lastKnownFileType = sourcecode.swift; path = AppIntent.swift; sourceTree = "<group>"; };
		126B072B2B5705BB00E70D86 /* Assets.xcassets */ = {isa = PBXFileReference; lastKnownFileType = folder.assetcatalog; path = Assets.xcassets; sourceTree = "<group>"; };
		126B072D2B5705BB00E70D86 /* Info.plist */ = {isa = PBXFileReference; lastKnownFileType = text.plist.xml; path = Info.plist; sourceTree = "<group>"; };
		126B07452B573E8C00E70D86 /* LoadingView.swift */ = {isa = PBXFileReference; lastKnownFileType = sourcecode.swift; path = LoadingView.swift; sourceTree = "<group>"; };
		126B07472B573F0600E70D86 /* CustomShareSheet.swift */ = {isa = PBXFileReference; lastKnownFileType = sourcecode.swift; path = CustomShareSheet.swift; sourceTree = "<group>"; };
		127E831A2B4C8DD900E6D4E8 /* Quarters.app */ = {isa = PBXFileReference; explicitFileType = wrapper.application; includeInIndex = 0; path = Quarters.app; sourceTree = BUILT_PRODUCTS_DIR; };
		127E831D2B4C8DD900E6D4E8 /* QuartersApp.swift */ = {isa = PBXFileReference; lastKnownFileType = sourcecode.swift; path = QuartersApp.swift; sourceTree = "<group>"; };
		127E831F2B4C8DD900E6D4E8 /* ContentView.swift */ = {isa = PBXFileReference; lastKnownFileType = sourcecode.swift; path = ContentView.swift; sourceTree = "<group>"; };
		127E83212B4C8DDA00E6D4E8 /* Assets.xcassets */ = {isa = PBXFileReference; lastKnownFileType = folder.assetcatalog; path = Assets.xcassets; sourceTree = "<group>"; };
		127E83232B4C8DDA00E6D4E8 /* Quarters.entitlements */ = {isa = PBXFileReference; lastKnownFileType = text.plist.entitlements; path = Quarters.entitlements; sourceTree = "<group>"; };
		127E83252B4C8DDA00E6D4E8 /* Preview Assets.xcassets */ = {isa = PBXFileReference; lastKnownFileType = folder.assetcatalog; path = "Preview Assets.xcassets"; sourceTree = "<group>"; };
		127E832B2B4C8DDA00E6D4E8 /* QuartersTests.xctest */ = {isa = PBXFileReference; explicitFileType = wrapper.cfbundle; includeInIndex = 0; path = QuartersTests.xctest; sourceTree = BUILT_PRODUCTS_DIR; };
		127E832F2B4C8DDA00E6D4E8 /* QuartersTests.swift */ = {isa = PBXFileReference; lastKnownFileType = sourcecode.swift; path = QuartersTests.swift; sourceTree = "<group>"; };
		127E83352B4C8DDA00E6D4E8 /* QuartersUITests.xctest */ = {isa = PBXFileReference; explicitFileType = wrapper.cfbundle; includeInIndex = 0; path = QuartersUITests.xctest; sourceTree = BUILT_PRODUCTS_DIR; };
		127E83392B4C8DDA00E6D4E8 /* QuartersUITests.swift */ = {isa = PBXFileReference; lastKnownFileType = sourcecode.swift; path = QuartersUITests.swift; sourceTree = "<group>"; };
		127E833B2B4C8DDA00E6D4E8 /* QuartersUITestsLaunchTests.swift */ = {isa = PBXFileReference; lastKnownFileType = sourcecode.swift; path = QuartersUITestsLaunchTests.swift; sourceTree = "<group>"; };
		127E834C2B4C8ECF00E6D4E8 /* Tab.swift */ = {isa = PBXFileReference; lastKnownFileType = sourcecode.swift; path = Tab.swift; sourceTree = "<group>"; };
		127E834E2B4C8EED00E6D4E8 /* TransactionType.swift */ = {isa = PBXFileReference; lastKnownFileType = sourcecode.swift; path = TransactionType.swift; sourceTree = "<group>"; };
		127E83502B4C8F1000E6D4E8 /* Transaction.swift */ = {isa = PBXFileReference; lastKnownFileType = sourcecode.swift; path = Transaction.swift; sourceTree = "<group>"; };
		127E83522B4C8F3600E6D4E8 /* TintColor.swift */ = {isa = PBXFileReference; lastKnownFileType = sourcecode.swift; path = TintColor.swift; sourceTree = "<group>"; };
		127E83542B4C900F00E6D4E8 /* Recents.swift */ = {isa = PBXFileReference; lastKnownFileType = sourcecode.swift; path = Recents.swift; sourceTree = "<group>"; };
		127E83562B4C902B00E6D4E8 /* Search.swift */ = {isa = PBXFileReference; lastKnownFileType = sourcecode.swift; path = Search.swift; sourceTree = "<group>"; };
		127E83582B4C904500E6D4E8 /* Graph.swift */ = {isa = PBXFileReference; lastKnownFileType = sourcecode.swift; path = Graph.swift; sourceTree = "<group>"; };
		127E835A2B4C906600E6D4E8 /* Settings.swift */ = {isa = PBXFileReference; lastKnownFileType = sourcecode.swift; path = Settings.swift; sourceTree = "<group>"; };
		127E835C2B4C909200E6D4E8 /* IntroScreen.swift */ = {isa = PBXFileReference; lastKnownFileType = sourcecode.swift; path = IntroScreen.swift; sourceTree = "<group>"; };
		127E835E2B4C90B700E6D4E8 /* TransactionView.swift */ = {isa = PBXFileReference; lastKnownFileType = sourcecode.swift; path = TransactionView.swift; sourceTree = "<group>"; };
		127E83602B4C912B00E6D4E8 /* LockView.swift */ = {isa = PBXFileReference; lastKnownFileType = sourcecode.swift; path = LockView.swift; sourceTree = "<group>"; };
		127E83622B4C914E00E6D4E8 /* SwipeView.swift */ = {isa = PBXFileReference; lastKnownFileType = sourcecode.swift; path = SwipeView.swift; sourceTree = "<group>"; };
		127E83642B4C916B00E6D4E8 /* CardView.swift */ = {isa = PBXFileReference; lastKnownFileType = sourcecode.swift; path = CardView.swift; sourceTree = "<group>"; };
		127E83662B4C919200E6D4E8 /* TransactionCardView.swift */ = {isa = PBXFileReference; lastKnownFileType = sourcecode.swift; path = TransactionCardView.swift; sourceTree = "<group>"; };
		127E83682B4C91B700E6D4E8 /* DateFilterView.swift */ = {isa = PBXFileReference; lastKnownFileType = sourcecode.swift; path = DateFilterView.swift; sourceTree = "<group>"; };
		127E836A2B4C91DA00E6D4E8 /* FilterTransactionsView.swift */ = {isa = PBXFileReference; lastKnownFileType = sourcecode.swift; path = FilterTransactionsView.swift; sourceTree = "<group>"; };
		127E836C2B4C920F00E6D4E8 /* Constants.swift */ = {isa = PBXFileReference; lastKnownFileType = sourcecode.swift; path = Constants.swift; sourceTree = "<group>"; };
		127E836E2B4C923300E6D4E8 /* View+Extensions.swift */ = {isa = PBXFileReference; lastKnownFileType = sourcecode.swift; path = "View+Extensions.swift"; sourceTree = "<group>"; };
		127E83702B4C925400E6D4E8 /* Date+Extensions.swift */ = {isa = PBXFileReference; lastKnownFileType = sourcecode.swift; path = "Date+Extensions.swift"; sourceTree = "<group>"; };
		127E83742B50B1A300E6D4E8 /* NotificationState.swift */ = {isa = PBXFileReference; lastKnownFileType = sourcecode.swift; path = NotificationState.swift; sourceTree = "<group>"; };
		127E83762B50B1D400E6D4E8 /* ChartModel.swift */ = {isa = PBXFileReference; lastKnownFileType = sourcecode.swift; path = ChartModel.swift; sourceTree = "<group>"; };
/* End PBXFileReference section */

/* Begin PBXFrameworksBuildPhase section */
		126B07192B5705B900E70D86 /* Frameworks */ = {
			isa = PBXFrameworksBuildPhase;
			buildActionMask = 2147483647;
			files = (
				126B07212B5705B900E70D86 /* SwiftUI.framework in Frameworks */,
				126B071F2B5705B900E70D86 /* WidgetKit.framework in Frameworks */,
			);
			runOnlyForDeploymentPostprocessing = 0;
		};
		127E83172B4C8DD900E6D4E8 /* Frameworks */ = {
			isa = PBXFrameworksBuildPhase;
			buildActionMask = 2147483647;
			files = (
			);
			runOnlyForDeploymentPostprocessing = 0;
		};
		127E83282B4C8DDA00E6D4E8 /* Frameworks */ = {
			isa = PBXFrameworksBuildPhase;
			buildActionMask = 2147483647;
			files = (
			);
			runOnlyForDeploymentPostprocessing = 0;
		};
		127E83322B4C8DDA00E6D4E8 /* Frameworks */ = {
			isa = PBXFrameworksBuildPhase;
			buildActionMask = 2147483647;
			files = (
			);
			runOnlyForDeploymentPostprocessing = 0;
		};
/* End PBXFrameworksBuildPhase section */

/* Begin PBXGroup section */
		122CAA792B5EDAC50053E9FD /* CustomTabBarPackage */ = {
			isa = PBXGroup;
			children = (
				122CAA7B2B5EDAE50053E9FD /* Models */,
				122CAA7A2B5EDADB0053E9FD /* Views */,
			);
			path = CustomTabBarPackage;
			sourceTree = "<group>";
		};
		122CAA7A2B5EDADB0053E9FD /* Views */ = {
			isa = PBXGroup;
			children = (
				127E834C2B4C8ECF00E6D4E8 /* Tab.swift */,
				122CAA7E2B5EDC310053E9FD /* TabPosition.swift */,
				122CAA802B5EDC4F0053E9FD /* TabShape.swift */,
			);
			path = Views;
			sourceTree = "<group>";
		};
		122CAA7B2B5EDAE50053E9FD /* Models */ = {
			isa = PBXGroup;
			children = (
			);
			path = Models;
			sourceTree = "<group>";
		};
		126B071D2B5705B900E70D86 /* Frameworks */ = {
			isa = PBXGroup;
			children = (
				126B071E2B5705B900E70D86 /* WidgetKit.framework */,
				126B07202B5705B900E70D86 /* SwiftUI.framework */,
			);
			name = Frameworks;
			sourceTree = "<group>";
		};
		126B07222B5705B900E70D86 /* StatsCardView */ = {
			isa = PBXGroup;
			children = (
				126B07232B5705B900E70D86 /* StatsCardViewBundle.swift */,
				126B07252B5705B900E70D86 /* StatsCardViewLiveActivity.swift */,
				126B07272B5705B900E70D86 /* StatsCardView.swift */,
				126B07292B5705B900E70D86 /* AppIntent.swift */,
				126B072B2B5705BB00E70D86 /* Assets.xcassets */,
				126B072D2B5705BB00E70D86 /* Info.plist */,
			);
			path = StatsCardView;
			sourceTree = "<group>";
		};
		127E83112B4C8DD900E6D4E8 = {
			isa = PBXGroup;
			children = (
				127E831C2B4C8DD900E6D4E8 /* Quarters */,
				127E832E2B4C8DDA00E6D4E8 /* QuartersTests */,
				127E83382B4C8DDA00E6D4E8 /* QuartersUITests */,
				126B07222B5705B900E70D86 /* StatsCardView */,
				126B071D2B5705B900E70D86 /* Frameworks */,
				127E831B2B4C8DD900E6D4E8 /* Products */,
			);
			sourceTree = "<group>";
		};
		127E831B2B4C8DD900E6D4E8 /* Products */ = {
			isa = PBXGroup;
			children = (
				127E831A2B4C8DD900E6D4E8 /* Quarters.app */,
				127E832B2B4C8DDA00E6D4E8 /* QuartersTests.xctest */,
				127E83352B4C8DDA00E6D4E8 /* QuartersUITests.xctest */,
				126B071C2B5705B900E70D86 /* StatsCardViewExtension.appex */,
			);
			name = Products;
			sourceTree = "<group>";
		};
		127E831C2B4C8DD900E6D4E8 /* Quarters */ = {
			isa = PBXGroup;
			children = (
				122CAA792B5EDAC50053E9FD /* CustomTabBarPackage */,
				127E83482B4C8E5300E6D4E8 /* Helpers */,
				127E83492B4C8E5E00E6D4E8 /* Models */,
				127E834A2B4C8E6800E6D4E8 /* Views */,
				127E831D2B4C8DD900E6D4E8 /* QuartersApp.swift */,
				127E831F2B4C8DD900E6D4E8 /* ContentView.swift */,
				127E83212B4C8DDA00E6D4E8 /* Assets.xcassets */,
				127E83232B4C8DDA00E6D4E8 /* Quarters.entitlements */,
				127E83242B4C8DDA00E6D4E8 /* Preview Content */,
			);
			path = Quarters;
			sourceTree = "<group>";
		};
		127E83242B4C8DDA00E6D4E8 /* Preview Content */ = {
			isa = PBXGroup;
			children = (
				127E83252B4C8DDA00E6D4E8 /* Preview Assets.xcassets */,
			);
			path = "Preview Content";
			sourceTree = "<group>";
		};
		127E832E2B4C8DDA00E6D4E8 /* QuartersTests */ = {
			isa = PBXGroup;
			children = (
				127E832F2B4C8DDA00E6D4E8 /* QuartersTests.swift */,
			);
			path = QuartersTests;
			sourceTree = "<group>";
		};
		127E83382B4C8DDA00E6D4E8 /* QuartersUITests */ = {
			isa = PBXGroup;
			children = (
				127E83392B4C8DDA00E6D4E8 /* QuartersUITests.swift */,
				127E833B2B4C8DDA00E6D4E8 /* QuartersUITestsLaunchTests.swift */,
			);
			path = QuartersUITests;
			sourceTree = "<group>";
		};
		127E83482B4C8E5300E6D4E8 /* Helpers */ = {
			isa = PBXGroup;
			children = (
				127E83602B4C912B00E6D4E8 /* LockView.swift */,
				127E83622B4C914E00E6D4E8 /* SwipeView.swift */,
				127E83642B4C916B00E6D4E8 /* CardView.swift */,
				127E83662B4C919200E6D4E8 /* TransactionCardView.swift */,
				127E83682B4C91B700E6D4E8 /* DateFilterView.swift */,
				127E836A2B4C91DA00E6D4E8 /* FilterTransactionsView.swift */,
				127E836C2B4C920F00E6D4E8 /* Constants.swift */,
				127E836E2B4C923300E6D4E8 /* View+Extensions.swift */,
				127E83702B4C925400E6D4E8 /* Date+Extensions.swift */,
				126B07452B573E8C00E70D86 /* LoadingView.swift */,
				126B07472B573F0600E70D86 /* CustomShareSheet.swift */,
				122CAA862B5EECEC0053E9FD /* CustomSegmentedSelector.swift */,
			);
			path = Helpers;
			sourceTree = "<group>";
		};
		127E83492B4C8E5E00E6D4E8 /* Models */ = {
			isa = PBXGroup;
			children = (
				127E834E2B4C8EED00E6D4E8 /* TransactionType.swift */,
				127E83502B4C8F1000E6D4E8 /* Transaction.swift */,
				127E83522B4C8F3600E6D4E8 /* TintColor.swift */,
				127E83742B50B1A300E6D4E8 /* NotificationState.swift */,
				127E83762B50B1D400E6D4E8 /* ChartModel.swift */,
				122CAA842B5EEC2E0053E9FD /* Color.swift */,
			);
			path = Models;
			sourceTree = "<group>";
		};
		127E834A2B4C8E6800E6D4E8 /* Views */ = {
			isa = PBXGroup;
			children = (
				127E834B2B4C8E7600E6D4E8 /* TabViews */,
				127E835C2B4C909200E6D4E8 /* IntroScreen.swift */,
				127E835E2B4C90B700E6D4E8 /* TransactionView.swift */,
			);
			path = Views;
			sourceTree = "<group>";
		};
		127E834B2B4C8E7600E6D4E8 /* TabViews */ = {
			isa = PBXGroup;
			children = (
				127E83542B4C900F00E6D4E8 /* Recents.swift */,
				127E83562B4C902B00E6D4E8 /* Search.swift */,
				127E83582B4C904500E6D4E8 /* Graph.swift */,
				127E835A2B4C906600E6D4E8 /* Settings.swift */,
			);
			path = TabViews;
			sourceTree = "<group>";
		};
/* End PBXGroup section */

/* Begin PBXNativeTarget section */
		126B071B2B5705B900E70D86 /* StatsCardViewExtension */ = {
			isa = PBXNativeTarget;
			buildConfigurationList = 126B07342B5705BB00E70D86 /* Build configuration list for PBXNativeTarget "StatsCardViewExtension" */;
			buildPhases = (
				126B07182B5705B900E70D86 /* Sources */,
				126B07192B5705B900E70D86 /* Frameworks */,
				126B071A2B5705B900E70D86 /* Resources */,
			);
			buildRules = (
			);
			dependencies = (
			);
			name = StatsCardViewExtension;
			productName = StatsCardViewExtension;
			productReference = 126B071C2B5705B900E70D86 /* StatsCardViewExtension.appex */;
			productType = "com.apple.product-type.app-extension";
		};
		127E83192B4C8DD900E6D4E8 /* Quarters */ = {
			isa = PBXNativeTarget;
			buildConfigurationList = 127E833F2B4C8DDA00E6D4E8 /* Build configuration list for PBXNativeTarget "Quarters" */;
			buildPhases = (
				127E83162B4C8DD900E6D4E8 /* Sources */,
				127E83172B4C8DD900E6D4E8 /* Frameworks */,
				127E83182B4C8DD900E6D4E8 /* Resources */,
				126B07312B5705BB00E70D86 /* Embed Foundation Extensions */,
			);
			buildRules = (
			);
			dependencies = (
				126B072F2B5705BB00E70D86 /* PBXTargetDependency */,
			);
			name = Quarters;
			productName = Quarters;
			productReference = 127E831A2B4C8DD900E6D4E8 /* Quarters.app */;
			productType = "com.apple.product-type.application";
		};
		127E832A2B4C8DDA00E6D4E8 /* QuartersTests */ = {
			isa = PBXNativeTarget;
			buildConfigurationList = 127E83422B4C8DDA00E6D4E8 /* Build configuration list for PBXNativeTarget "QuartersTests" */;
			buildPhases = (
				127E83272B4C8DDA00E6D4E8 /* Sources */,
				127E83282B4C8DDA00E6D4E8 /* Frameworks */,
				127E83292B4C8DDA00E6D4E8 /* Resources */,
			);
			buildRules = (
			);
			dependencies = (
				127E832D2B4C8DDA00E6D4E8 /* PBXTargetDependency */,
			);
			name = QuartersTests;
			productName = QuartersTests;
			productReference = 127E832B2B4C8DDA00E6D4E8 /* QuartersTests.xctest */;
			productType = "com.apple.product-type.bundle.unit-test";
		};
		127E83342B4C8DDA00E6D4E8 /* QuartersUITests */ = {
			isa = PBXNativeTarget;
			buildConfigurationList = 127E83452B4C8DDA00E6D4E8 /* Build configuration list for PBXNativeTarget "QuartersUITests" */;
			buildPhases = (
				127E83312B4C8DDA00E6D4E8 /* Sources */,
				127E83322B4C8DDA00E6D4E8 /* Frameworks */,
				127E83332B4C8DDA00E6D4E8 /* Resources */,
			);
			buildRules = (
			);
			dependencies = (
				127E83372B4C8DDA00E6D4E8 /* PBXTargetDependency */,
			);
			name = QuartersUITests;
			productName = QuartersUITests;
			productReference = 127E83352B4C8DDA00E6D4E8 /* QuartersUITests.xctest */;
			productType = "com.apple.product-type.bundle.ui-testing";
		};
/* End PBXNativeTarget section */

/* Begin PBXProject section */
		127E83122B4C8DD900E6D4E8 /* Project object */ = {
			isa = PBXProject;
			attributes = {
				BuildIndependentTargetsInParallel = 1;
				LastSwiftUpdateCheck = 1510;
				LastUpgradeCheck = 1520;
				TargetAttributes = {
					126B071B2B5705B900E70D86 = {
						CreatedOnToolsVersion = 15.1;
					};
					127E83192B4C8DD900E6D4E8 = {
						CreatedOnToolsVersion = 15.1;
					};
					127E832A2B4C8DDA00E6D4E8 = {
						CreatedOnToolsVersion = 15.1;
						TestTargetID = 127E83192B4C8DD900E6D4E8;
					};
					127E83342B4C8DDA00E6D4E8 = {
						CreatedOnToolsVersion = 15.1;
						TestTargetID = 127E83192B4C8DD900E6D4E8;
					};
				};
			};
			buildConfigurationList = 127E83152B4C8DD900E6D4E8 /* Build configuration list for PBXProject "Quarters" */;
			compatibilityVersion = "Xcode 14.0";
			developmentRegion = en;
			hasScannedForEncodings = 0;
			knownRegions = (
				en,
				Base,
			);
			mainGroup = 127E83112B4C8DD900E6D4E8;
			productRefGroup = 127E831B2B4C8DD900E6D4E8 /* Products */;
			projectDirPath = "";
			projectRoot = "";
			targets = (
				127E83192B4C8DD900E6D4E8 /* Quarters */,
				127E832A2B4C8DDA00E6D4E8 /* QuartersTests */,
				127E83342B4C8DDA00E6D4E8 /* QuartersUITests */,
				126B071B2B5705B900E70D86 /* StatsCardViewExtension */,
			);
		};
/* End PBXProject section */

/* Begin PBXResourcesBuildPhase section */
		126B071A2B5705B900E70D86 /* Resources */ = {
			isa = PBXResourcesBuildPhase;
			buildActionMask = 2147483647;
			files = (
				126B072C2B5705BB00E70D86 /* Assets.xcassets in Resources */,
			);
			runOnlyForDeploymentPostprocessing = 0;
		};
		127E83182B4C8DD900E6D4E8 /* Resources */ = {
			isa = PBXResourcesBuildPhase;
			buildActionMask = 2147483647;
			files = (
				127E83262B4C8DDA00E6D4E8 /* Preview Assets.xcassets in Resources */,
				127E83222B4C8DDA00E6D4E8 /* Assets.xcassets in Resources */,
			);
			runOnlyForDeploymentPostprocessing = 0;
		};
		127E83292B4C8DDA00E6D4E8 /* Resources */ = {
			isa = PBXResourcesBuildPhase;
			buildActionMask = 2147483647;
			files = (
			);
			runOnlyForDeploymentPostprocessing = 0;
		};
		127E83332B4C8DDA00E6D4E8 /* Resources */ = {
			isa = PBXResourcesBuildPhase;
			buildActionMask = 2147483647;
			files = (
			);
			runOnlyForDeploymentPostprocessing = 0;
		};
/* End PBXResourcesBuildPhase section */

/* Begin PBXSourcesBuildPhase section */
		126B07182B5705B900E70D86 /* Sources */ = {
			isa = PBXSourcesBuildPhase;
			buildActionMask = 2147483647;
			files = (
				126B073B2B572E5300E70D86 /* Transaction.swift in Sources */,
				126B07432B572EEF00E70D86 /* Constants.swift in Sources */,
				126B07282B5705B900E70D86 /* StatsCardView.swift in Sources */,
				126B07392B572E2B00E70D86 /* CardView.swift in Sources */,
				126B073C2B572E5700E70D86 /* TransactionType.swift in Sources */,
				126B072A2B5705B900E70D86 /* AppIntent.swift in Sources */,
				126B07402B572ECD00E70D86 /* TintColor.swift in Sources */,
				126B07242B5705B900E70D86 /* StatsCardViewBundle.swift in Sources */,
				126B07372B572DF800E70D86 /* View+Extensions.swift in Sources */,
				126B07262B5705B900E70D86 /* StatsCardViewLiveActivity.swift in Sources */,
				126B07352B572D9100E70D86 /* FilterTransactionsView.swift in Sources */,
				126B07362B572DBE00E70D86 /* Date+Extensions.swift in Sources */,
			);
			runOnlyForDeploymentPostprocessing = 0;
		};
		127E83162B4C8DD900E6D4E8 /* Sources */ = {
			isa = PBXSourcesBuildPhase;
			buildActionMask = 2147483647;
			files = (
				122CAA7F2B5EDC310053E9FD /* TabPosition.swift in Sources */,
				127E834D2B4C8ECF00E6D4E8 /* Tab.swift in Sources */,
				127E836D2B4C920F00E6D4E8 /* Constants.swift in Sources */,
				127E83712B4C925400E6D4E8 /* Date+Extensions.swift in Sources */,
				127E83552B4C900F00E6D4E8 /* Recents.swift in Sources */,
				127E83202B4C8DD900E6D4E8 /* ContentView.swift in Sources */,
				127E83632B4C914E00E6D4E8 /* SwipeView.swift in Sources */,
				127E83772B50B1D400E6D4E8 /* ChartModel.swift in Sources */,
				127E83652B4C916B00E6D4E8 /* CardView.swift in Sources */,
				127E83692B4C91B700E6D4E8 /* DateFilterView.swift in Sources */,
				127E831E2B4C8DD900E6D4E8 /* QuartersApp.swift in Sources */,
				127E835B2B4C906600E6D4E8 /* Settings.swift in Sources */,
				127E835F2B4C90B700E6D4E8 /* TransactionView.swift in Sources */,
				127E835D2B4C909200E6D4E8 /* IntroScreen.swift in Sources */,
				127E834F2B4C8EED00E6D4E8 /* TransactionType.swift in Sources */,
				127E83572B4C902B00E6D4E8 /* Search.swift in Sources */,
				122CAA852B5EEC2E0053E9FD /* Color.swift in Sources */,
				127E83592B4C904500E6D4E8 /* Graph.swift in Sources */,
				127E83612B4C912B00E6D4E8 /* LockView.swift in Sources */,
				126B07462B573E8C00E70D86 /* LoadingView.swift in Sources */,
				127E83532B4C8F3600E6D4E8 /* TintColor.swift in Sources */,
				122CAA872B5EECEC0053E9FD /* CustomSegmentedSelector.swift in Sources */,
				127E836B2B4C91DA00E6D4E8 /* FilterTransactionsView.swift in Sources */,
				127E83512B4C8F1000E6D4E8 /* Transaction.swift in Sources */,
				126B07482B573F0600E70D86 /* CustomShareSheet.swift in Sources */,
				122CAA812B5EDC4F0053E9FD /* TabShape.swift in Sources */,
				127E836F2B4C923300E6D4E8 /* View+Extensions.swift in Sources */,
				127E83752B50B1A300E6D4E8 /* NotificationState.swift in Sources */,
				127E83672B4C919200E6D4E8 /* TransactionCardView.swift in Sources */,
			);
			runOnlyForDeploymentPostprocessing = 0;
		};
		127E83272B4C8DDA00E6D4E8 /* Sources */ = {
			isa = PBXSourcesBuildPhase;
			buildActionMask = 2147483647;
			files = (
				127E83302B4C8DDA00E6D4E8 /* QuartersTests.swift in Sources */,
			);
			runOnlyForDeploymentPostprocessing = 0;
		};
		127E83312B4C8DDA00E6D4E8 /* Sources */ = {
			isa = PBXSourcesBuildPhase;
			buildActionMask = 2147483647;
			files = (
				127E833C2B4C8DDA00E6D4E8 /* QuartersUITestsLaunchTests.swift in Sources */,
				127E833A2B4C8DDA00E6D4E8 /* QuartersUITests.swift in Sources */,
			);
			runOnlyForDeploymentPostprocessing = 0;
		};
/* End PBXSourcesBuildPhase section */

/* Begin PBXTargetDependency section */
		126B072F2B5705BB00E70D86 /* PBXTargetDependency */ = {
			isa = PBXTargetDependency;
			target = 126B071B2B5705B900E70D86 /* StatsCardViewExtension */;
			targetProxy = 126B072E2B5705BB00E70D86 /* PBXContainerItemProxy */;
		};
		127E832D2B4C8DDA00E6D4E8 /* PBXTargetDependency */ = {
			isa = PBXTargetDependency;
			target = 127E83192B4C8DD900E6D4E8 /* Quarters */;
			targetProxy = 127E832C2B4C8DDA00E6D4E8 /* PBXContainerItemProxy */;
		};
		127E83372B4C8DDA00E6D4E8 /* PBXTargetDependency */ = {
			isa = PBXTargetDependency;
			target = 127E83192B4C8DD900E6D4E8 /* Quarters */;
			targetProxy = 127E83362B4C8DDA00E6D4E8 /* PBXContainerItemProxy */;
		};
/* End PBXTargetDependency section */

/* Begin XCBuildConfiguration section */
		126B07322B5705BB00E70D86 /* Debug */ = {
			isa = XCBuildConfiguration;
			buildSettings = {
				ASSETCATALOG_COMPILER_GLOBAL_ACCENT_COLOR_NAME = AccentColor;
				ASSETCATALOG_COMPILER_WIDGET_BACKGROUND_COLOR_NAME = WidgetBackground;
				CODE_SIGN_STYLE = Automatic;
				CURRENT_PROJECT_VERSION = 1;
				DEVELOPMENT_TEAM = 8QQYNTY523;
				GENERATE_INFOPLIST_FILE = YES;
				INFOPLIST_FILE = StatsCardView/Info.plist;
				INFOPLIST_KEY_CFBundleDisplayName = StatsCardView;
				INFOPLIST_KEY_NSHumanReadableCopyright = "";
				IPHONEOS_DEPLOYMENT_TARGET = 17.2;
				LD_RUNPATH_SEARCH_PATHS = (
					"$(inherited)",
					"@executable_path/Frameworks",
					"@executable_path/../../Frameworks",
				);
				MARKETING_VERSION = 1.0;
				PRODUCT_BUNDLE_IDENTIFIER = com.weldtactics.Quarters.StatsCardView;
				PRODUCT_NAME = "$(TARGET_NAME)";
				SDKROOT = iphoneos;
				SKIP_INSTALL = YES;
				SWIFT_EMIT_LOC_STRINGS = YES;
				SWIFT_VERSION = 5.0;
				TARGETED_DEVICE_FAMILY = "1,2";
			};
			name = Debug;
		};
		126B07332B5705BB00E70D86 /* Release */ = {
			isa = XCBuildConfiguration;
			buildSettings = {
				ASSETCATALOG_COMPILER_GLOBAL_ACCENT_COLOR_NAME = AccentColor;
				ASSETCATALOG_COMPILER_WIDGET_BACKGROUND_COLOR_NAME = WidgetBackground;
				CODE_SIGN_STYLE = Automatic;
				CURRENT_PROJECT_VERSION = 1;
				DEVELOPMENT_TEAM = 8QQYNTY523;
				GENERATE_INFOPLIST_FILE = YES;
				INFOPLIST_FILE = StatsCardView/Info.plist;
				INFOPLIST_KEY_CFBundleDisplayName = StatsCardView;
				INFOPLIST_KEY_NSHumanReadableCopyright = "";
				IPHONEOS_DEPLOYMENT_TARGET = 17.2;
				LD_RUNPATH_SEARCH_PATHS = (
					"$(inherited)",
					"@executable_path/Frameworks",
					"@executable_path/../../Frameworks",
				);
				MARKETING_VERSION = 1.0;
				PRODUCT_BUNDLE_IDENTIFIER = com.weldtactics.Quarters.StatsCardView;
				PRODUCT_NAME = "$(TARGET_NAME)";
				SDKROOT = iphoneos;
				SKIP_INSTALL = YES;
				SWIFT_EMIT_LOC_STRINGS = YES;
				SWIFT_VERSION = 5.0;
				TARGETED_DEVICE_FAMILY = "1,2";
				VALIDATE_PRODUCT = YES;
			};
			name = Release;
		};
		127E833D2B4C8DDA00E6D4E8 /* Debug */ = {
			isa = XCBuildConfiguration;
			buildSettings = {
				ALWAYS_SEARCH_USER_PATHS = NO;
				ASSETCATALOG_COMPILER_GENERATE_SWIFT_ASSET_SYMBOL_EXTENSIONS = YES;
				CLANG_ANALYZER_NONNULL = YES;
				CLANG_ANALYZER_NUMBER_OBJECT_CONVERSION = YES_AGGRESSIVE;
				CLANG_CXX_LANGUAGE_STANDARD = "gnu++20";
				CLANG_ENABLE_MODULES = YES;
				CLANG_ENABLE_OBJC_ARC = YES;
				CLANG_ENABLE_OBJC_WEAK = YES;
				CLANG_WARN_BLOCK_CAPTURE_AUTORELEASING = YES;
				CLANG_WARN_BOOL_CONVERSION = YES;
				CLANG_WARN_COMMA = YES;
				CLANG_WARN_CONSTANT_CONVERSION = YES;
				CLANG_WARN_DEPRECATED_OBJC_IMPLEMENTATIONS = YES;
				CLANG_WARN_DIRECT_OBJC_ISA_USAGE = YES_ERROR;
				CLANG_WARN_DOCUMENTATION_COMMENTS = YES;
				CLANG_WARN_EMPTY_BODY = YES;
				CLANG_WARN_ENUM_CONVERSION = YES;
				CLANG_WARN_INFINITE_RECURSION = YES;
				CLANG_WARN_INT_CONVERSION = YES;
				CLANG_WARN_NON_LITERAL_NULL_CONVERSION = YES;
				CLANG_WARN_OBJC_IMPLICIT_RETAIN_SELF = YES;
				CLANG_WARN_OBJC_LITERAL_CONVERSION = YES;
				CLANG_WARN_OBJC_ROOT_CLASS = YES_ERROR;
				CLANG_WARN_QUOTED_INCLUDE_IN_FRAMEWORK_HEADER = YES;
				CLANG_WARN_RANGE_LOOP_ANALYSIS = YES;
				CLANG_WARN_STRICT_PROTOTYPES = YES;
				CLANG_WARN_SUSPICIOUS_MOVE = YES;
				CLANG_WARN_UNGUARDED_AVAILABILITY = YES_AGGRESSIVE;
				CLANG_WARN_UNREACHABLE_CODE = YES;
				CLANG_WARN__DUPLICATE_METHOD_MATCH = YES;
				COPY_PHASE_STRIP = NO;
				DEAD_CODE_STRIPPING = YES;
				DEBUG_INFORMATION_FORMAT = dwarf;
				ENABLE_STRICT_OBJC_MSGSEND = YES;
				ENABLE_TESTABILITY = YES;
				ENABLE_USER_SCRIPT_SANDBOXING = YES;
				GCC_C_LANGUAGE_STANDARD = gnu17;
				GCC_DYNAMIC_NO_PIC = NO;
				GCC_NO_COMMON_BLOCKS = YES;
				GCC_OPTIMIZATION_LEVEL = 0;
				GCC_PREPROCESSOR_DEFINITIONS = (
					"DEBUG=1",
					"$(inherited)",
				);
				GCC_WARN_64_TO_32_BIT_CONVERSION = YES;
				GCC_WARN_ABOUT_RETURN_TYPE = YES_ERROR;
				GCC_WARN_UNDECLARED_SELECTOR = YES;
				GCC_WARN_UNINITIALIZED_AUTOS = YES_AGGRESSIVE;
				GCC_WARN_UNUSED_FUNCTION = YES;
				GCC_WARN_UNUSED_VARIABLE = YES;
				LOCALIZATION_PREFERS_STRING_CATALOGS = YES;
				MTL_ENABLE_DEBUG_INFO = INCLUDE_SOURCE;
				MTL_FAST_MATH = YES;
				ONLY_ACTIVE_ARCH = YES;
				SWIFT_ACTIVE_COMPILATION_CONDITIONS = "DEBUG $(inherited)";
				SWIFT_OPTIMIZATION_LEVEL = "-Onone";
			};
			name = Debug;
		};
		127E833E2B4C8DDA00E6D4E8 /* Release */ = {
			isa = XCBuildConfiguration;
			buildSettings = {
				ALWAYS_SEARCH_USER_PATHS = NO;
				ASSETCATALOG_COMPILER_GENERATE_SWIFT_ASSET_SYMBOL_EXTENSIONS = YES;
				CLANG_ANALYZER_NONNULL = YES;
				CLANG_ANALYZER_NUMBER_OBJECT_CONVERSION = YES_AGGRESSIVE;
				CLANG_CXX_LANGUAGE_STANDARD = "gnu++20";
				CLANG_ENABLE_MODULES = YES;
				CLANG_ENABLE_OBJC_ARC = YES;
				CLANG_ENABLE_OBJC_WEAK = YES;
				CLANG_WARN_BLOCK_CAPTURE_AUTORELEASING = YES;
				CLANG_WARN_BOOL_CONVERSION = YES;
				CLANG_WARN_COMMA = YES;
				CLANG_WARN_CONSTANT_CONVERSION = YES;
				CLANG_WARN_DEPRECATED_OBJC_IMPLEMENTATIONS = YES;
				CLANG_WARN_DIRECT_OBJC_ISA_USAGE = YES_ERROR;
				CLANG_WARN_DOCUMENTATION_COMMENTS = YES;
				CLANG_WARN_EMPTY_BODY = YES;
				CLANG_WARN_ENUM_CONVERSION = YES;
				CLANG_WARN_INFINITE_RECURSION = YES;
				CLANG_WARN_INT_CONVERSION = YES;
				CLANG_WARN_NON_LITERAL_NULL_CONVERSION = YES;
				CLANG_WARN_OBJC_IMPLICIT_RETAIN_SELF = YES;
				CLANG_WARN_OBJC_LITERAL_CONVERSION = YES;
				CLANG_WARN_OBJC_ROOT_CLASS = YES_ERROR;
				CLANG_WARN_QUOTED_INCLUDE_IN_FRAMEWORK_HEADER = YES;
				CLANG_WARN_RANGE_LOOP_ANALYSIS = YES;
				CLANG_WARN_STRICT_PROTOTYPES = YES;
				CLANG_WARN_SUSPICIOUS_MOVE = YES;
				CLANG_WARN_UNGUARDED_AVAILABILITY = YES_AGGRESSIVE;
				CLANG_WARN_UNREACHABLE_CODE = YES;
				CLANG_WARN__DUPLICATE_METHOD_MATCH = YES;
				COPY_PHASE_STRIP = NO;
				DEAD_CODE_STRIPPING = YES;
				DEBUG_INFORMATION_FORMAT = "dwarf-with-dsym";
				ENABLE_NS_ASSERTIONS = NO;
				ENABLE_STRICT_OBJC_MSGSEND = YES;
				ENABLE_USER_SCRIPT_SANDBOXING = YES;
				GCC_C_LANGUAGE_STANDARD = gnu17;
				GCC_NO_COMMON_BLOCKS = YES;
				GCC_WARN_64_TO_32_BIT_CONVERSION = YES;
				GCC_WARN_ABOUT_RETURN_TYPE = YES_ERROR;
				GCC_WARN_UNDECLARED_SELECTOR = YES;
				GCC_WARN_UNINITIALIZED_AUTOS = YES_AGGRESSIVE;
				GCC_WARN_UNUSED_FUNCTION = YES;
				GCC_WARN_UNUSED_VARIABLE = YES;
				LOCALIZATION_PREFERS_STRING_CATALOGS = YES;
				MTL_ENABLE_DEBUG_INFO = NO;
				MTL_FAST_MATH = YES;
				SWIFT_COMPILATION_MODE = wholemodule;
			};
			name = Release;
		};
		127E83402B4C8DDA00E6D4E8 /* Debug */ = {
			isa = XCBuildConfiguration;
			buildSettings = {
				ALWAYS_EMBED_SWIFT_STANDARD_LIBRARIES = YES;
				ASSETCATALOG_COMPILER_APPICON_NAME = AppIcon;
				ASSETCATALOG_COMPILER_GLOBAL_ACCENT_COLOR_NAME = AccentColor;
				CODE_SIGN_ENTITLEMENTS = Quarters/Quarters.entitlements;
				CODE_SIGN_STYLE = Automatic;
				CURRENT_PROJECT_VERSION = 1;
				DEAD_CODE_STRIPPING = YES;
				DEVELOPMENT_ASSET_PATHS = "\"Quarters/Preview Content\"";
				DEVELOPMENT_TEAM = 8QQYNTY523;
				ENABLE_HARDENED_RUNTIME = YES;
				ENABLE_PREVIEWS = YES;
				GENERATE_INFOPLIST_FILE = YES;
				INFOPLIST_KEY_NSFaceIDUsageDescription = DESCRIPTION;
				"INFOPLIST_KEY_UIApplicationSceneManifest_Generation[sdk=iphoneos*]" = YES;
				"INFOPLIST_KEY_UIApplicationSceneManifest_Generation[sdk=iphonesimulator*]" = YES;
				"INFOPLIST_KEY_UIApplicationSupportsIndirectInputEvents[sdk=iphoneos*]" = YES;
				"INFOPLIST_KEY_UIApplicationSupportsIndirectInputEvents[sdk=iphonesimulator*]" = YES;
				"INFOPLIST_KEY_UILaunchScreen_Generation[sdk=iphoneos*]" = YES;
				"INFOPLIST_KEY_UILaunchScreen_Generation[sdk=iphonesimulator*]" = YES;
				"INFOPLIST_KEY_UIStatusBarStyle[sdk=iphoneos*]" = UIStatusBarStyleDefault;
				"INFOPLIST_KEY_UIStatusBarStyle[sdk=iphonesimulator*]" = UIStatusBarStyleDefault;
				INFOPLIST_KEY_UISupportedInterfaceOrientations_iPad = "UIInterfaceOrientationPortrait UIInterfaceOrientationPortraitUpsideDown UIInterfaceOrientationLandscapeLeft UIInterfaceOrientationLandscapeRight";
				INFOPLIST_KEY_UISupportedInterfaceOrientations_iPhone = "UIInterfaceOrientationPortrait UIInterfaceOrientationLandscapeLeft UIInterfaceOrientationLandscapeRight";
				IPHONEOS_DEPLOYMENT_TARGET = 17.2;
				LD_RUNPATH_SEARCH_PATHS = "@executable_path/Frameworks";
				"LD_RUNPATH_SEARCH_PATHS[sdk=macosx*]" = "@executable_path/../Frameworks";
				MACOSX_DEPLOYMENT_TARGET = 14.2;
				MARKETING_VERSION = 1.0;
				PRODUCT_BUNDLE_IDENTIFIER = com.weldtactics.Quarters;
				PRODUCT_NAME = "$(TARGET_NAME)";
				SDKROOT = auto;
				SUPPORTED_PLATFORMS = "iphoneos iphonesimulator macosx";
				SWIFT_EMIT_LOC_STRINGS = YES;
				SWIFT_VERSION = 5.0;
				TARGETED_DEVICE_FAMILY = "1,2";
			};
			name = Debug;
		};
		127E83412B4C8DDA00E6D4E8 /* Release */ = {
			isa = XCBuildConfiguration;
			buildSettings = {
				ALWAYS_EMBED_SWIFT_STANDARD_LIBRARIES = YES;
				ASSETCATALOG_COMPILER_APPICON_NAME = AppIcon;
				ASSETCATALOG_COMPILER_GLOBAL_ACCENT_COLOR_NAME = AccentColor;
				CODE_SIGN_ENTITLEMENTS = Quarters/Quarters.entitlements;
				CODE_SIGN_STYLE = Automatic;
				CURRENT_PROJECT_VERSION = 1;
				DEAD_CODE_STRIPPING = YES;
				DEVELOPMENT_ASSET_PATHS = "\"Quarters/Preview Content\"";
				DEVELOPMENT_TEAM = 8QQYNTY523;
				ENABLE_HARDENED_RUNTIME = YES;
				ENABLE_PREVIEWS = YES;
				GENERATE_INFOPLIST_FILE = YES;
				INFOPLIST_KEY_NSFaceIDUsageDescription = DESCRIPTION;
				"INFOPLIST_KEY_UIApplicationSceneManifest_Generation[sdk=iphoneos*]" = YES;
				"INFOPLIST_KEY_UIApplicationSceneManifest_Generation[sdk=iphonesimulator*]" = YES;
				"INFOPLIST_KEY_UIApplicationSupportsIndirectInputEvents[sdk=iphoneos*]" = YES;
				"INFOPLIST_KEY_UIApplicationSupportsIndirectInputEvents[sdk=iphonesimulator*]" = YES;
				"INFOPLIST_KEY_UILaunchScreen_Generation[sdk=iphoneos*]" = YES;
				"INFOPLIST_KEY_UILaunchScreen_Generation[sdk=iphonesimulator*]" = YES;
				"INFOPLIST_KEY_UIStatusBarStyle[sdk=iphoneos*]" = UIStatusBarStyleDefault;
				"INFOPLIST_KEY_UIStatusBarStyle[sdk=iphonesimulator*]" = UIStatusBarStyleDefault;
				INFOPLIST_KEY_UISupportedInterfaceOrientations_iPad = "UIInterfaceOrientationPortrait UIInterfaceOrientationPortraitUpsideDown UIInterfaceOrientationLandscapeLeft UIInterfaceOrientationLandscapeRight";
				INFOPLIST_KEY_UISupportedInterfaceOrientations_iPhone = "UIInterfaceOrientationPortrait UIInterfaceOrientationLandscapeLeft UIInterfaceOrientationLandscapeRight";
				IPHONEOS_DEPLOYMENT_TARGET = 17.2;
				LD_RUNPATH_SEARCH_PATHS = "@executable_path/Frameworks";
				"LD_RUNPATH_SEARCH_PATHS[sdk=macosx*]" = "@executable_path/../Frameworks";
				MACOSX_DEPLOYMENT_TARGET = 14.2;
				MARKETING_VERSION = 1.0;
				PRODUCT_BUNDLE_IDENTIFIER = com.weldtactics.Quarters;
				PRODUCT_NAME = "$(TARGET_NAME)";
				SDKROOT = auto;
				SUPPORTED_PLATFORMS = "iphoneos iphonesimulator macosx";
				SWIFT_EMIT_LOC_STRINGS = YES;
				SWIFT_VERSION = 5.0;
				TARGETED_DEVICE_FAMILY = "1,2";
			};
			name = Release;
		};
		127E83432B4C8DDA00E6D4E8 /* Debug */ = {
			isa = XCBuildConfiguration;
			buildSettings = {
				ALWAYS_EMBED_SWIFT_STANDARD_LIBRARIES = YES;
				BUNDLE_LOADER = "$(TEST_HOST)";
				CODE_SIGN_STYLE = Automatic;
				CURRENT_PROJECT_VERSION = 1;
				DEAD_CODE_STRIPPING = YES;
				DEVELOPMENT_TEAM = 8QQYNTY523;
				GENERATE_INFOPLIST_FILE = YES;
				IPHONEOS_DEPLOYMENT_TARGET = 17.2;
				MACOSX_DEPLOYMENT_TARGET = 14.2;
				MARKETING_VERSION = 1.0;
				PRODUCT_BUNDLE_IDENTIFIER = com.weldtactics.QuartersTests;
				PRODUCT_NAME = "$(TARGET_NAME)";
				SDKROOT = auto;
				SUPPORTED_PLATFORMS = "iphoneos iphonesimulator macosx";
				SWIFT_EMIT_LOC_STRINGS = NO;
				SWIFT_VERSION = 5.0;
				TARGETED_DEVICE_FAMILY = "1,2";
				TEST_HOST = "$(BUILT_PRODUCTS_DIR)/Quarters.app/$(BUNDLE_EXECUTABLE_FOLDER_PATH)/Quarters";
			};
			name = Debug;
		};
		127E83442B4C8DDA00E6D4E8 /* Release */ = {
			isa = XCBuildConfiguration;
			buildSettings = {
				ALWAYS_EMBED_SWIFT_STANDARD_LIBRARIES = YES;
				BUNDLE_LOADER = "$(TEST_HOST)";
				CODE_SIGN_STYLE = Automatic;
				CURRENT_PROJECT_VERSION = 1;
				DEAD_CODE_STRIPPING = YES;
				DEVELOPMENT_TEAM = 8QQYNTY523;
				GENERATE_INFOPLIST_FILE = YES;
				IPHONEOS_DEPLOYMENT_TARGET = 17.2;
				MACOSX_DEPLOYMENT_TARGET = 14.2;
				MARKETING_VERSION = 1.0;
				PRODUCT_BUNDLE_IDENTIFIER = com.weldtactics.QuartersTests;
				PRODUCT_NAME = "$(TARGET_NAME)";
				SDKROOT = auto;
				SUPPORTED_PLATFORMS = "iphoneos iphonesimulator macosx";
				SWIFT_EMIT_LOC_STRINGS = NO;
				SWIFT_VERSION = 5.0;
				TARGETED_DEVICE_FAMILY = "1,2";
				TEST_HOST = "$(BUILT_PRODUCTS_DIR)/Quarters.app/$(BUNDLE_EXECUTABLE_FOLDER_PATH)/Quarters";
			};
			name = Release;
		};
		127E83462B4C8DDA00E6D4E8 /* Debug */ = {
			isa = XCBuildConfiguration;
			buildSettings = {
				ALWAYS_EMBED_SWIFT_STANDARD_LIBRARIES = YES;
				CODE_SIGN_STYLE = Automatic;
				CURRENT_PROJECT_VERSION = 1;
				DEAD_CODE_STRIPPING = YES;
				DEVELOPMENT_TEAM = 8QQYNTY523;
				GENERATE_INFOPLIST_FILE = YES;
				IPHONEOS_DEPLOYMENT_TARGET = 17.2;
				MACOSX_DEPLOYMENT_TARGET = 14.2;
				MARKETING_VERSION = 1.0;
				PRODUCT_BUNDLE_IDENTIFIER = com.weldtactics.QuartersUITests;
				PRODUCT_NAME = "$(TARGET_NAME)";
				SDKROOT = auto;
				SUPPORTED_PLATFORMS = "iphoneos iphonesimulator macosx";
				SWIFT_EMIT_LOC_STRINGS = NO;
				SWIFT_VERSION = 5.0;
				TARGETED_DEVICE_FAMILY = "1,2";
				TEST_TARGET_NAME = Quarters;
			};
			name = Debug;
		};
		127E83472B4C8DDA00E6D4E8 /* Release */ = {
			isa = XCBuildConfiguration;
			buildSettings = {
				ALWAYS_EMBED_SWIFT_STANDARD_LIBRARIES = YES;
				CODE_SIGN_STYLE = Automatic;
				CURRENT_PROJECT_VERSION = 1;
				DEAD_CODE_STRIPPING = YES;
				DEVELOPMENT_TEAM = 8QQYNTY523;
				GENERATE_INFOPLIST_FILE = YES;
				IPHONEOS_DEPLOYMENT_TARGET = 17.2;
				MACOSX_DEPLOYMENT_TARGET = 14.2;
				MARKETING_VERSION = 1.0;
				PRODUCT_BUNDLE_IDENTIFIER = com.weldtactics.QuartersUITests;
				PRODUCT_NAME = "$(TARGET_NAME)";
				SDKROOT = auto;
				SUPPORTED_PLATFORMS = "iphoneos iphonesimulator macosx";
				SWIFT_EMIT_LOC_STRINGS = NO;
				SWIFT_VERSION = 5.0;
				TARGETED_DEVICE_FAMILY = "1,2";
				TEST_TARGET_NAME = Quarters;
			};
			name = Release;
		};
/* End XCBuildConfiguration section */

/* Begin XCConfigurationList section */
		126B07342B5705BB00E70D86 /* Build configuration list for PBXNativeTarget "StatsCardViewExtension" */ = {
			isa = XCConfigurationList;
			buildConfigurations = (
				126B07322B5705BB00E70D86 /* Debug */,
				126B07332B5705BB00E70D86 /* Release */,
			);
			defaultConfigurationIsVisible = 0;
			defaultConfigurationName = Release;
		};
		127E83152B4C8DD900E6D4E8 /* Build configuration list for PBXProject "Quarters" */ = {
			isa = XCConfigurationList;
			buildConfigurations = (
				127E833D2B4C8DDA00E6D4E8 /* Debug */,
				127E833E2B4C8DDA00E6D4E8 /* Release */,
			);
			defaultConfigurationIsVisible = 0;
			defaultConfigurationName = Release;
		};
		127E833F2B4C8DDA00E6D4E8 /* Build configuration list for PBXNativeTarget "Quarters" */ = {
			isa = XCConfigurationList;
			buildConfigurations = (
				127E83402B4C8DDA00E6D4E8 /* Debug */,
				127E83412B4C8DDA00E6D4E8 /* Release */,
			);
			defaultConfigurationIsVisible = 0;
			defaultConfigurationName = Release;
		};
		127E83422B4C8DDA00E6D4E8 /* Build configuration list for PBXNativeTarget "QuartersTests" */ = {
			isa = XCConfigurationList;
			buildConfigurations = (
				127E83432B4C8DDA00E6D4E8 /* Debug */,
				127E83442B4C8DDA00E6D4E8 /* Release */,
			);
			defaultConfigurationIsVisible = 0;
			defaultConfigurationName = Release;
		};
		127E83452B4C8DDA00E6D4E8 /* Build configuration list for PBXNativeTarget "QuartersUITests" */ = {
			isa = XCConfigurationList;
			buildConfigurations = (
				127E83462B4C8DDA00E6D4E8 /* Debug */,
				127E83472B4C8DDA00E6D4E8 /* Release */,
			);
			defaultConfigurationIsVisible = 0;
			defaultConfigurationName = Release;
		};
/* End XCConfigurationList section */
	};
	rootObject = 127E83122B4C8DD900E6D4E8 /* Project object */;
}
